<?xml version="1.0" encoding="utf-8"?>
<Project ToolsVersion="4.0" xmlns="http://schemas.microsoft.com/developer/msbuild/2003">
  <ItemGroup>
    <Filter Include="Source Files">
      <UniqueIdentifier>{4FC737F1-C7A5-4376-A066-2A32D752A2FF}</UniqueIdentifier>
      <Extensions>cpp;c;cc;cxx;def;odl;idl;hpj;bat;asm;asmx</Extensions>
    </Filter>
    <Filter Include="Header Files">
      <UniqueIdentifier>{93995380-89BD-4b04-88EB-625FBE52EBFB}</UniqueIdentifier>
      <Extensions>h;hpp;hxx;hm;inl;inc;xsd</Extensions>
    </Filter>
    <Filter Include="Resource Files">
      <UniqueIdentifier>{67DA6AB6-F800-4c08-8B7A-83BB121AAD01}</UniqueIdentifier>
      <Extensions>rc;ico;cur;bmp;dlg;rc2;rct;bin;rgs;gif;jpg;jpeg;jpe;resx;tiff;tif;png;wav;mfcribbon-ms</Extensions>
    </Filter>
    <Filter Include="poly2tri">
      <UniqueIdentifier>{048358c4-7697-4715-bcb0-7430b98431e6}</UniqueIdentifier>
    </Filter>
    <Filter Include="Source Files\Resource Files">
      <UniqueIdentifier>{58ad3567-a9ad-4a20-8d41-60908e4910b9}</UniqueIdentifier>
    </Filter>
  </ItemGroup>
  <ItemGroup>
    <ClInclude Include="FBE_Math\myOptimizer.h">
      <Filter>Header Files</Filter>
    </ClInclude>
    <ClInclude Include="FBE_Math\symbolic.h">
      <Filter>Header Files</Filter>
    </ClInclude>
    <ClInclude Include="FBE_Math\poly2tri\poly2tri.h">
      <Filter>poly2tri</Filter>
    </ClInclude>
    <ClInclude Include="FBE_Math\poly2tri\common\shapes.h">
      <Filter>poly2tri</Filter>
    </ClInclude>
    <ClInclude Include="FBE_Math\poly2tri\common\utils.h">
      <Filter>poly2tri</Filter>
    </ClInclude>
    <ClInclude Include="FBE_Math\poly2tri\sweep\advancing_front.h">
      <Filter>poly2tri</Filter>
    </ClInclude>
    <ClInclude Include="FBE_Math\poly2tri\sweep\cdt.h">
      <Filter>poly2tri</Filter>
    </ClInclude>
    <ClInclude Include="FBE_Math\poly2tri\sweep\sweep.h">
      <Filter>poly2tri</Filter>
    </ClInclude>
    <ClInclude Include="FBE_Math\poly2tri\sweep\sweep_context.h">
      <Filter>poly2tri</Filter>
    </ClInclude>
    <ClInclude Include="FBE_Math\drawing.h">
      <Filter>Header Files</Filter>
    </ClInclude>
    <ClInclude Include="FBE_Math\ReducedEval.h">
      <Filter>Header Files</Filter>
    </ClInclude>
    <ClInclude Include="FBE_Math\CenterOfMass.h">
      <Filter>Header Files</Filter>
    </ClInclude>
    <ClInclude Include="FBE_Math\mesh.h">
      <Filter>Header Files</Filter>
    </ClInclude>
    <ClInclude Include="FBE_Math\GeometricOperations.h">
      <Filter>Header Files</Filter>
    </ClInclude>
    <ClInclude Include="FBE_Math\mathVec.h">
      <Filter>Header Files</Filter>
    </ClInclude>
    <ClInclude Include="FBE_Math\FunctionEval.h">
      <Filter>Header Files</Filter>
    </ClInclude>
  </ItemGroup>
  <ItemGroup>
    <ClCompile Include="FBE_Math\mathVec.cpp">
      <Filter>Source Files</Filter>
    </ClCompile>
    <ClCompile Include="FBE_Math\myOptimizer.cpp">
      <Filter>Source Files</Filter>
    </ClCompile>
    <ClCompile Include="FBE_Math\symbolic.cpp">
      <Filter>Source Files</Filter>
    </ClCompile>
    <ClCompile Include="FBE_Math\poly2tri\common\shapes.cc">
      <Filter>poly2tri</Filter>
    </ClCompile>
    <ClCompile Include="FBE_Math\poly2tri\sweep\advancing_front.cc">
      <Filter>poly2tri</Filter>
    </ClCompile>
    <ClCompile Include="FBE_Math\poly2tri\sweep\cdt.cc">
      <Filter>poly2tri</Filter>
    </ClCompile>
    <ClCompile Include="FBE_Math\poly2tri\sweep\sweep.cc">
      <Filter>poly2tri</Filter>
    </ClCompile>
    <ClCompile Include="FBE_Math\poly2tri\sweep\sweep_context.cc">
      <Filter>poly2tri</Filter>
    </ClCompile>
    <ClCompile Include="FBE_Math\ReducedEval.cpp">
      <Filter>Source Files</Filter>
    </ClCompile>
    <ClCompile Include="FBE_Math\GeometricOperations.cpp">
      <Filter>Source Files</Filter>
    </ClCompile>
  </ItemGroup>
</Project>