<?xml version="1.0" encoding="utf-8"?>
<Project ToolsVersion="4.0" xmlns="http://schemas.microsoft.com/developer/msbuild/2003">
  <ItemGroup>
    <Filter Include="Source Files">
      <UniqueIdentifier>{4FC737F1-C7A5-4376-A066-2A32D752A2FF}</UniqueIdentifier>
      <Extensions>cpp;c;cc;cxx;def;odl;idl;hpj;bat;asm;asmx</Extensions>
    </Filter>
    <Filter Include="Header Files">
      <UniqueIdentifier>{93995380-89BD-4b04-88EB-625FBE52EBFB}</UniqueIdentifier>
      <Extensions>h;hh;hpp;hxx;hm;inl;inc;xsd</Extensions>
    </Filter>
    <Filter Include="Resource Files">
      <UniqueIdentifier>{67DA6AB6-F800-4c08-8B7A-83BB121AAD01}</UniqueIdentifier>
      <Extensions>rc;ico;cur;bmp;dlg;rc2;rct;bin;rgs;gif;jpg;jpeg;jpe;resx;tiff;tif;png;wav;mfcribbon-ms</Extensions>
    </Filter>
  </ItemGroup>
  <ItemGroup>
    <ClCompile Include="FBE_Proto\design.pb.cc">
      <Filter>Source Files</Filter>
    </ClCompile>
    <ClCompile Include="FBE_Proto\DesignProtoConverter.cpp">
      <Filter>Source Files</Filter>
    </ClCompile>
    <ClCompile Include="FBE_Proto\common.pb.cc">
      <Filter>Source Files</Filter>
    </ClCompile>
    <ClCompile Include="FBE_Proto\TemplateProtoConverter.cpp">
      <Filter>Source Files</Filter>
    </ClCompile>
    <ClCompile Include="FBE_Proto\symbolic.pb.cc">
      <Filter>Source Files</Filter>
    </ClCompile>
    <ClCompile Include="FBE_Proto\template.pb.cc">
      <Filter>Source Files</Filter>
    </ClCompile>
    <ClCompile Include="FBE_Proto\PartialConverters.cpp">
      <Filter>Source Files</Filter>
    </ClCompile>
    <ClCompile Include="FBE_Proto\openscad.pb.cc">
      <Filter>Source Files</Filter>
    </ClCompile>
  </ItemGroup>
  <ItemGroup>
    <ClInclude Include="FBE_Proto\design.pb.h">
      <Filter>Header Files</Filter>
    </ClInclude>
    <ClInclude Include="FBE_Proto\DesignProtoConverter.h">
      <Filter>Header Files</Filter>
    </ClInclude>
    <ClInclude Include="FBE_Proto\common.pb.h">
      <Filter>Header Files</Filter>
    </ClInclude>
    <ClInclude Include="FBE_Proto\TemplateProtoConverter.h">
      <Filter>Header Files</Filter>
    </ClInclude>
    <ClInclude Include="FBE_Proto\symbolic.pb.h">
      <Filter>Header Files</Filter>
    </ClInclude>
    <ClInclude Include="FBE_Proto\template.pb.h">
      <Filter>Header Files</Filter>
    </ClInclude>
    <ClInclude Include="FBE_Proto\ProtoConverter.h">
      <Filter>Header Files</Filter>
    </ClInclude>
    <ClInclude Include="FBE_Proto\PartialConverters.h">
      <Filter>Source Files</Filter>
    </ClInclude>
    <ClInclude Include="FBE_Proto\openscad.pb.h">
      <Filter>Header Files</Filter>
    </ClInclude>
  </ItemGroup>
  <ItemGroup>
    <None Include="FBE_Proto\design.proto" />
    <None Include="FBE_Proto\common.proto" />
    <None Include="FBE_Proto\build_proto.bat">
      <Filter>Source Files</Filter>
    </None>
    <None Include="FBE_Proto\symbolic.proto" />
    <None Include="FBE_Proto\template.proto" />
    <None Include="FBE_Proto\openscad.proto" />
  </ItemGroup>
</Project>