
Microsoft Visual Studio Solution File, Format Version 11.00
# Visual Studio 2010
Project("{8BC9CEB8-8B4A-11D0-8D11-00A0C91BC942}") = "trimesh2", "trimesh2.vcxproj", "{75DF1798-F43F-42B8-824C-4F32A612AE47}"
EndProject
Project("{8BC9CEB8-8B4A-11D0-8D11-00A0C91BC942}") = "FBE_Math", "FBE_Math.vcxproj", "{661944DD-71A1-4265-85FD-DBB6A1EB84B1}"
EndProject
Project("{8BC9CEB8-8B4A-11D0-8D11-00A0C91BC942}") = "FBE_Utils", "FBE_Utils.vcxproj", "{1C256F00-96C0-41E9-865D-A6629DD6441F}"
EndProject
Project("{2150E333-8FDC-42A3-9474-1A3956D46DE8}") = "Solution Items", "Solution Items", "{276E978F-A7C3-4DD2-B958-DCDFB1BBEB37}"
EndProject
Project("{8BC9CEB8-8B4A-11D0-8D11-00A0C91BC942}") = "FBE_Template", "FBE_Template.vcxproj", "{55EDEE9A-19BA-4F1F-9096-93C89917428C}"
EndProject
Project("{8BC9CEB8-8B4A-11D0-8D11-00A0C91BC942}") = "buildTemplates", "buildTemplates.vcxproj", "{3C0DB874-ED22-4E6D-AC0F-1DCF3A738B1B}"
	ProjectSection(ProjectDependencies) = postProject
		{1C256F00-96C0-41E9-865D-A6629DD6441F} = {1C256F00-96C0-41E9-865D-A6629DD6441F}
		{75DF1798-F43F-42B8-824C-4F32A612AE47} = {75DF1798-F43F-42B8-824C-4F32A612AE47}
		{852F81B0-F3EE-48C4-A34D-DE6329D6F446} = {852F81B0-F3EE-48C4-A34D-DE6329D6F446}
		{F16FD9BC-98B3-49A7-9E1F-200EB6A5DF12} = {F16FD9BC-98B3-49A7-9E1F-200EB6A5DF12}
		{320D60BD-0E17-42C4-AC1C-DB87FED200CD} = {320D60BD-0E17-42C4-AC1C-DB87FED200CD}
	EndProjectSection
EndProject
Project("{8BC9CEB8-8B4A-11D0-8D11-00A0C91BC942}") = "FBE_CinderUI", "FBE_CinderUI.vcxproj", "{B1469352-8C5E-44F2-8384-16DA81B3A291}"
EndProject
Project("{8BC9CEB8-8B4A-11D0-8D11-00A0C91BC942}") = "FBE_Manipulations", "FBE_Manipulations.vcxproj", "{F16FD9BC-98B3-49A7-9E1F-200EB6A5DF12}"
EndProject
Project("{8BC9CEB8-8B4A-11D0-8D11-00A0C91BC942}") = "FBE_Proto", "FBE_Proto.vcxproj", "{852F81B0-F3EE-48C4-A34D-DE6329D6F446}"
	ProjectSection(ProjectDependencies) = postProject
		{1C256F00-96C0-41E9-865D-A6629DD6441F} = {1C256F00-96C0-41E9-865D-A6629DD6441F}
		{75DF1798-F43F-42B8-824C-4F32A612AE47} = {75DF1798-F43F-42B8-824C-4F32A612AE47}
		{55EDEE9A-19BA-4F1F-9096-93C89917428C} = {55EDEE9A-19BA-4F1F-9096-93C89917428C}
		{F16FD9BC-98B3-49A7-9E1F-200EB6A5DF12} = {F16FD9BC-98B3-49A7-9E1F-200EB6A5DF12}
		{320D60BD-0E17-42C4-AC1C-DB87FED200CD} = {320D60BD-0E17-42C4-AC1C-DB87FED200CD}
		{661944DD-71A1-4265-85FD-DBB6A1EB84B1} = {661944DD-71A1-4265-85FD-DBB6A1EB84B1}
	EndProjectSection
EndProject
Project("{FAE04EC0-301F-11D3-BF4B-00C04F79EFBC}") = "FBE_CSharpUI", "..\csharp\ui\FBE_CSharpUI\FBE_CSharpUI.csproj", "{0CA3E7DD-9287-4CBE-91FE-2943B6BA09F2}"
EndProject
Project("{8BC9CEB8-8B4A-11D0-8D11-00A0C91BC942}") = "CppCsBridge", "CppCsBridge\CppCsBridge.vcxproj", "{47311B9D-359A-4E76-A9BA-743C541E6FCB}"
	ProjectSection(ProjectDependencies) = postProject
		{F16FD9BC-98B3-49A7-9E1F-200EB6A5DF12} = {F16FD9BC-98B3-49A7-9E1F-200EB6A5DF12}
	EndProjectSection
EndProject
Project("{8BC9CEB8-8B4A-11D0-8D11-00A0C91BC942}") = "libprotobuf", "protobuf\vsprojects\libprotobuf.vcxproj", "{3E283F37-A4ED-41B7-A3E6-A2D89D131A30}"
EndProject
Project("{8BC9CEB8-8B4A-11D0-8D11-00A0C91BC942}") = "FBE_Printing", "FBE_Printing.vcxproj", "{ABB8D661-3F8A-41B3-815F-CECFD4BA7801}"
EndProject
Project("{8BC9CEB8-8B4A-11D0-8D11-00A0C91BC942}") = "FBE_Design", "FBE_Design.vcxproj", "{320D60BD-0E17-42C4-AC1C-DB87FED200CD}"
EndProject
Global
	GlobalSection(SolutionConfigurationPlatforms) = preSolution
		Debug|Any CPU = Debug|Any CPU
		Debug|Mixed Platforms = Debug|Mixed Platforms
		Debug|Win32 = Debug|Win32
		Debug|x64 = Debug|x64
		Debug|x86 = Debug|x86
		MinSizeRel|Any CPU = MinSizeRel|Any CPU
		MinSizeRel|Mixed Platforms = MinSizeRel|Mixed Platforms
		MinSizeRel|Win32 = MinSizeRel|Win32
		MinSizeRel|x64 = MinSizeRel|x64
		MinSizeRel|x86 = MinSizeRel|x86
		Release|Any CPU = Release|Any CPU
		Release|Mixed Platforms = Release|Mixed Platforms
		Release|Win32 = Release|Win32
		Release|x64 = Release|x64
		Release|x86 = Release|x86
		Release-Static|Any CPU = Release-Static|Any CPU
		Release-Static|Mixed Platforms = Release-Static|Mixed Platforms
		Release-Static|Win32 = Release-Static|Win32
		Release-Static|x64 = Release-Static|x64
		Release-Static|x86 = Release-Static|x86
		RelWithDebInfo|Any CPU = RelWithDebInfo|Any CPU
		RelWithDebInfo|Mixed Platforms = RelWithDebInfo|Mixed Platforms
		RelWithDebInfo|Win32 = RelWithDebInfo|Win32
		RelWithDebInfo|x64 = RelWithDebInfo|x64
		RelWithDebInfo|x86 = RelWithDebInfo|x86
		Template|Any CPU = Template|Any CPU
		Template|Mixed Platforms = Template|Mixed Platforms
		Template|Win32 = Template|Win32
		Template|x64 = Template|x64
		Template|x86 = Template|x86
	EndGlobalSection
	GlobalSection(ProjectConfigurationPlatforms) = postSolution
		{75DF1798-F43F-42B8-824C-4F32A612AE47}.Debug|Any CPU.ActiveCfg = Debug|Win32
		{75DF1798-F43F-42B8-824C-4F32A612AE47}.Debug|Mixed Platforms.ActiveCfg = Debug|Win32
		{75DF1798-F43F-42B8-824C-4F32A612AE47}.Debug|Mixed Platforms.Build.0 = Debug|Win32
		{75DF1798-F43F-42B8-824C-4F32A612AE47}.Debug|Win32.ActiveCfg = Debug|Win32
		{75DF1798-F43F-42B8-824C-4F32A612AE47}.Debug|Win32.Build.0 = Debug|Win32
		{75DF1798-F43F-42B8-824C-4F32A612AE47}.Debug|x64.ActiveCfg = Debug|Win32
		{75DF1798-F43F-42B8-824C-4F32A612AE47}.Debug|x86.ActiveCfg = Debug|Win32
		{75DF1798-F43F-42B8-824C-4F32A612AE47}.MinSizeRel|Any CPU.ActiveCfg = Release|Win32
		{75DF1798-F43F-42B8-824C-4F32A612AE47}.MinSizeRel|Mixed Platforms.ActiveCfg = Release|Win32
		{75DF1798-F43F-42B8-824C-4F32A612AE47}.MinSizeRel|Mixed Platforms.Build.0 = Release|Win32
		{75DF1798-F43F-42B8-824C-4F32A612AE47}.MinSizeRel|Win32.ActiveCfg = Release|Win32
		{75DF1798-F43F-42B8-824C-4F32A612AE47}.MinSizeRel|Win32.Build.0 = Release|Win32
		{75DF1798-F43F-42B8-824C-4F32A612AE47}.MinSizeRel|x64.ActiveCfg = Release|Win32
		{75DF1798-F43F-42B8-824C-4F32A612AE47}.MinSizeRel|x86.ActiveCfg = Release|Win32
		{75DF1798-F43F-42B8-824C-4F32A612AE47}.Release|Any CPU.ActiveCfg = Release|Win32
		{75DF1798-F43F-42B8-824C-4F32A612AE47}.Release|Mixed Platforms.ActiveCfg = Release|Win32
		{75DF1798-F43F-42B8-824C-4F32A612AE47}.Release|Mixed Platforms.Build.0 = Release|Win32
		{75DF1798-F43F-42B8-824C-4F32A612AE47}.Release|Win32.ActiveCfg = Release|Win32
		{75DF1798-F43F-42B8-824C-4F32A612AE47}.Release|Win32.Build.0 = Release|Win32
		{75DF1798-F43F-42B8-824C-4F32A612AE47}.Release|x64.ActiveCfg = Release|Win32
		{75DF1798-F43F-42B8-824C-4F32A612AE47}.Release|x86.ActiveCfg = Release|Win32
		{75DF1798-F43F-42B8-824C-4F32A612AE47}.Release-Static|Any CPU.ActiveCfg = Release|Win32
		{75DF1798-F43F-42B8-824C-4F32A612AE47}.Release-Static|Mixed Platforms.ActiveCfg = Release|Win32
		{75DF1798-F43F-42B8-824C-4F32A612AE47}.Release-Static|Mixed Platforms.Build.0 = Release|Win32
		{75DF1798-F43F-42B8-824C-4F32A612AE47}.Release-Static|Win32.ActiveCfg = Release|Win32
		{75DF1798-F43F-42B8-824C-4F32A612AE47}.Release-Static|Win32.Build.0 = Release|Win32
		{75DF1798-F43F-42B8-824C-4F32A612AE47}.Release-Static|x64.ActiveCfg = Release|Win32
		{75DF1798-F43F-42B8-824C-4F32A612AE47}.Release-Static|x86.ActiveCfg = Release|Win32
		{75DF1798-F43F-42B8-824C-4F32A612AE47}.RelWithDebInfo|Any CPU.ActiveCfg = Release|Win32
		{75DF1798-F43F-42B8-824C-4F32A612AE47}.RelWithDebInfo|Mixed Platforms.ActiveCfg = Release|Win32
		{75DF1798-F43F-42B8-824C-4F32A612AE47}.RelWithDebInfo|Mixed Platforms.Build.0 = Release|Win32
		{75DF1798-F43F-42B8-824C-4F32A612AE47}.RelWithDebInfo|Win32.ActiveCfg = Release|Win32
		{75DF1798-F43F-42B8-824C-4F32A612AE47}.RelWithDebInfo|Win32.Build.0 = Release|Win32
		{75DF1798-F43F-42B8-824C-4F32A612AE47}.RelWithDebInfo|x64.ActiveCfg = Release|Win32
		{75DF1798-F43F-42B8-824C-4F32A612AE47}.RelWithDebInfo|x86.ActiveCfg = Release|Win32
		{75DF1798-F43F-42B8-824C-4F32A612AE47}.Template|Any CPU.ActiveCfg = Release|Win32
		{75DF1798-F43F-42B8-824C-4F32A612AE47}.Template|Mixed Platforms.ActiveCfg = Release|Win32
		{75DF1798-F43F-42B8-824C-4F32A612AE47}.Template|Mixed Platforms.Build.0 = Release|Win32
		{75DF1798-F43F-42B8-824C-4F32A612AE47}.Template|Win32.ActiveCfg = Release|Win32
		{75DF1798-F43F-42B8-824C-4F32A612AE47}.Template|Win32.Build.0 = Release|Win32
		{75DF1798-F43F-42B8-824C-4F32A612AE47}.Template|x64.ActiveCfg = Release|Win32
		{75DF1798-F43F-42B8-824C-4F32A612AE47}.Template|x86.ActiveCfg = Release|Win32
		{661944DD-71A1-4265-85FD-DBB6A1EB84B1}.Debug|Any CPU.ActiveCfg = Debug|Win32
		{661944DD-71A1-4265-85FD-DBB6A1EB84B1}.Debug|Mixed Platforms.ActiveCfg = Debug|Win32
		{661944DD-71A1-4265-85FD-DBB6A1EB84B1}.Debug|Mixed Platforms.Build.0 = Debug|Win32
		{661944DD-71A1-4265-85FD-DBB6A1EB84B1}.Debug|Win32.ActiveCfg = Debug|Win32
		{661944DD-71A1-4265-85FD-DBB6A1EB84B1}.Debug|Win32.Build.0 = Debug|Win32
		{661944DD-71A1-4265-85FD-DBB6A1EB84B1}.Debug|x64.ActiveCfg = Debug|Win32
		{661944DD-71A1-4265-85FD-DBB6A1EB84B1}.Debug|x86.ActiveCfg = Debug|Win32
		{661944DD-71A1-4265-85FD-DBB6A1EB84B1}.MinSizeRel|Any CPU.ActiveCfg = Release|Win32
		{661944DD-71A1-4265-85FD-DBB6A1EB84B1}.MinSizeRel|Mixed Platforms.ActiveCfg = Release|Win32
		{661944DD-71A1-4265-85FD-DBB6A1EB84B1}.MinSizeRel|Mixed Platforms.Build.0 = Release|Win32
		{661944DD-71A1-4265-85FD-DBB6A1EB84B1}.MinSizeRel|Win32.ActiveCfg = Release|Win32
		{661944DD-71A1-4265-85FD-DBB6A1EB84B1}.MinSizeRel|Win32.Build.0 = Release|Win32
		{661944DD-71A1-4265-85FD-DBB6A1EB84B1}.MinSizeRel|x64.ActiveCfg = Release|Win32
		{661944DD-71A1-4265-85FD-DBB6A1EB84B1}.MinSizeRel|x86.ActiveCfg = Release|Win32
		{661944DD-71A1-4265-85FD-DBB6A1EB84B1}.Release|Any CPU.ActiveCfg = Release|Win32
		{661944DD-71A1-4265-85FD-DBB6A1EB84B1}.Release|Mixed Platforms.ActiveCfg = Release|Win32
		{661944DD-71A1-4265-85FD-DBB6A1EB84B1}.Release|Mixed Platforms.Build.0 = Release|Win32
		{661944DD-71A1-4265-85FD-DBB6A1EB84B1}.Release|Win32.ActiveCfg = Release|Win32
		{661944DD-71A1-4265-85FD-DBB6A1EB84B1}.Release|Win32.Build.0 = Release|Win32
		{661944DD-71A1-4265-85FD-DBB6A1EB84B1}.Release|x64.ActiveCfg = Release|Win32
		{661944DD-71A1-4265-85FD-DBB6A1EB84B1}.Release|x86.ActiveCfg = Release|Win32
		{661944DD-71A1-4265-85FD-DBB6A1EB84B1}.Release-Static|Any CPU.ActiveCfg = Release|Win32
		{661944DD-71A1-4265-85FD-DBB6A1EB84B1}.Release-Static|Mixed Platforms.ActiveCfg = Release|Win32
		{661944DD-71A1-4265-85FD-DBB6A1EB84B1}.Release-Static|Mixed Platforms.Build.0 = Release|Win32
		{661944DD-71A1-4265-85FD-DBB6A1EB84B1}.Release-Static|Win32.ActiveCfg = Release|Win32
		{661944DD-71A1-4265-85FD-DBB6A1EB84B1}.Release-Static|Win32.Build.0 = Release|Win32
		{661944DD-71A1-4265-85FD-DBB6A1EB84B1}.Release-Static|x64.ActiveCfg = Release|Win32
		{661944DD-71A1-4265-85FD-DBB6A1EB84B1}.Release-Static|x86.ActiveCfg = Release|Win32
		{661944DD-71A1-4265-85FD-DBB6A1EB84B1}.RelWithDebInfo|Any CPU.ActiveCfg = Release|Win32
		{661944DD-71A1-4265-85FD-DBB6A1EB84B1}.RelWithDebInfo|Mixed Platforms.ActiveCfg = Release|Win32
		{661944DD-71A1-4265-85FD-DBB6A1EB84B1}.RelWithDebInfo|Mixed Platforms.Build.0 = Release|Win32
		{661944DD-71A1-4265-85FD-DBB6A1EB84B1}.RelWithDebInfo|Win32.ActiveCfg = Release|Win32
		{661944DD-71A1-4265-85FD-DBB6A1EB84B1}.RelWithDebInfo|Win32.Build.0 = Release|Win32
		{661944DD-71A1-4265-85FD-DBB6A1EB84B1}.RelWithDebInfo|x64.ActiveCfg = Release|Win32
		{661944DD-71A1-4265-85FD-DBB6A1EB84B1}.RelWithDebInfo|x86.ActiveCfg = Release|Win32
		{661944DD-71A1-4265-85FD-DBB6A1EB84B1}.Template|Any CPU.ActiveCfg = Release|Win32
		{661944DD-71A1-4265-85FD-DBB6A1EB84B1}.Template|Mixed Platforms.ActiveCfg = Release|Win32
		{661944DD-71A1-4265-85FD-DBB6A1EB84B1}.Template|Mixed Platforms.Build.0 = Release|Win32
		{661944DD-71A1-4265-85FD-DBB6A1EB84B1}.Template|Win32.ActiveCfg = Release|Win32
		{661944DD-71A1-4265-85FD-DBB6A1EB84B1}.Template|Win32.Build.0 = Release|Win32
		{661944DD-71A1-4265-85FD-DBB6A1EB84B1}.Template|x64.ActiveCfg = Release|Win32
		{661944DD-71A1-4265-85FD-DBB6A1EB84B1}.Template|x86.ActiveCfg = Release|Win32
		{1C256F00-96C0-41E9-865D-A6629DD6441F}.Debug|Any CPU.ActiveCfg = Debug|Win32
		{1C256F00-96C0-41E9-865D-A6629DD6441F}.Debug|Mixed Platforms.ActiveCfg = Debug|Win32
		{1C256F00-96C0-41E9-865D-A6629DD6441F}.Debug|Mixed Platforms.Build.0 = Debug|Win32
		{1C256F00-96C0-41E9-865D-A6629DD6441F}.Debug|Win32.ActiveCfg = Debug|Win32
		{1C256F00-96C0-41E9-865D-A6629DD6441F}.Debug|Win32.Build.0 = Debug|Win32
		{1C256F00-96C0-41E9-865D-A6629DD6441F}.Debug|x64.ActiveCfg = Debug|Win32
		{1C256F00-96C0-41E9-865D-A6629DD6441F}.Debug|x86.ActiveCfg = Debug|Win32
		{1C256F00-96C0-41E9-865D-A6629DD6441F}.MinSizeRel|Any CPU.ActiveCfg = Release|Win32
		{1C256F00-96C0-41E9-865D-A6629DD6441F}.MinSizeRel|Mixed Platforms.ActiveCfg = Release|Win32
		{1C256F00-96C0-41E9-865D-A6629DD6441F}.MinSizeRel|Mixed Platforms.Build.0 = Release|Win32
		{1C256F00-96C0-41E9-865D-A6629DD6441F}.MinSizeRel|Win32.ActiveCfg = Release|Win32
		{1C256F00-96C0-41E9-865D-A6629DD6441F}.MinSizeRel|Win32.Build.0 = Release|Win32
		{1C256F00-96C0-41E9-865D-A6629DD6441F}.MinSizeRel|x64.ActiveCfg = Release|Win32
		{1C256F00-96C0-41E9-865D-A6629DD6441F}.MinSizeRel|x86.ActiveCfg = Release|Win32
		{1C256F00-96C0-41E9-865D-A6629DD6441F}.Release|Any CPU.ActiveCfg = Release|Win32
		{1C256F00-96C0-41E9-865D-A6629DD6441F}.Release|Mixed Platforms.ActiveCfg = Release|Win32
		{1C256F00-96C0-41E9-865D-A6629DD6441F}.Release|Mixed Platforms.Build.0 = Release|Win32
		{1C256F00-96C0-41E9-865D-A6629DD6441F}.Release|Win32.ActiveCfg = Release|Win32
		{1C256F00-96C0-41E9-865D-A6629DD6441F}.Release|Win32.Build.0 = Release|Win32
		{1C256F00-96C0-41E9-865D-A6629DD6441F}.Release|x64.ActiveCfg = Release|Win32
		{1C256F00-96C0-41E9-865D-A6629DD6441F}.Release|x86.ActiveCfg = Release|Win32
		{1C256F00-96C0-41E9-865D-A6629DD6441F}.Release-Static|Any CPU.ActiveCfg = Release|Win32
		{1C256F00-96C0-41E9-865D-A6629DD6441F}.Release-Static|Mixed Platforms.ActiveCfg = Release|Win32
		{1C256F00-96C0-41E9-865D-A6629DD6441F}.Release-Static|Mixed Platforms.Build.0 = Release|Win32
		{1C256F00-96C0-41E9-865D-A6629DD6441F}.Release-Static|Win32.ActiveCfg = Release|Win32
		{1C256F00-96C0-41E9-865D-A6629DD6441F}.Release-Static|Win32.Build.0 = Release|Win32
		{1C256F00-96C0-41E9-865D-A6629DD6441F}.Release-Static|x64.ActiveCfg = Release|Win32
		{1C256F00-96C0-41E9-865D-A6629DD6441F}.Release-Static|x86.ActiveCfg = Release|Win32
		{1C256F00-96C0-41E9-865D-A6629DD6441F}.RelWithDebInfo|Any CPU.ActiveCfg = Release|Win32
		{1C256F00-96C0-41E9-865D-A6629DD6441F}.RelWithDebInfo|Mixed Platforms.ActiveCfg = Release|Win32
		{1C256F00-96C0-41E9-865D-A6629DD6441F}.RelWithDebInfo|Mixed Platforms.Build.0 = Release|Win32
		{1C256F00-96C0-41E9-865D-A6629DD6441F}.RelWithDebInfo|Win32.ActiveCfg = Release|Win32
		{1C256F00-96C0-41E9-865D-A6629DD6441F}.RelWithDebInfo|Win32.Build.0 = Release|Win32
		{1C256F00-96C0-41E9-865D-A6629DD6441F}.RelWithDebInfo|x64.ActiveCfg = Release|Win32
		{1C256F00-96C0-41E9-865D-A6629DD6441F}.RelWithDebInfo|x86.ActiveCfg = Release|Win32
		{1C256F00-96C0-41E9-865D-A6629DD6441F}.Template|Any CPU.ActiveCfg = Release|Win32
		{1C256F00-96C0-41E9-865D-A6629DD6441F}.Template|Mixed Platforms.ActiveCfg = Release|Win32
		{1C256F00-96C0-41E9-865D-A6629DD6441F}.Template|Mixed Platforms.Build.0 = Release|Win32
		{1C256F00-96C0-41E9-865D-A6629DD6441F}.Template|Win32.ActiveCfg = Release|Win32
		{1C256F00-96C0-41E9-865D-A6629DD6441F}.Template|Win32.Build.0 = Release|Win32
		{1C256F00-96C0-41E9-865D-A6629DD6441F}.Template|x64.ActiveCfg = Release|Win32
		{1C256F00-96C0-41E9-865D-A6629DD6441F}.Template|x86.ActiveCfg = Release|Win32
		{55EDEE9A-19BA-4F1F-9096-93C89917428C}.Debug|Any CPU.ActiveCfg = Debug|Win32
		{55EDEE9A-19BA-4F1F-9096-93C89917428C}.Debug|Mixed Platforms.ActiveCfg = Debug|Win32
		{55EDEE9A-19BA-4F1F-9096-93C89917428C}.Debug|Mixed Platforms.Build.0 = Debug|Win32
		{55EDEE9A-19BA-4F1F-9096-93C89917428C}.Debug|Win32.ActiveCfg = Debug|Win32
		{55EDEE9A-19BA-4F1F-9096-93C89917428C}.Debug|Win32.Build.0 = Debug|Win32
		{55EDEE9A-19BA-4F1F-9096-93C89917428C}.Debug|x64.ActiveCfg = Debug|Win32
		{55EDEE9A-19BA-4F1F-9096-93C89917428C}.Debug|x86.ActiveCfg = Debug|Win32
		{55EDEE9A-19BA-4F1F-9096-93C89917428C}.MinSizeRel|Any CPU.ActiveCfg = Release|Win32
		{55EDEE9A-19BA-4F1F-9096-93C89917428C}.MinSizeRel|Mixed Platforms.ActiveCfg = Release|Win32
		{55EDEE9A-19BA-4F1F-9096-93C89917428C}.MinSizeRel|Mixed Platforms.Build.0 = Release|Win32
		{55EDEE9A-19BA-4F1F-9096-93C89917428C}.MinSizeRel|Win32.ActiveCfg = Release|Win32
		{55EDEE9A-19BA-4F1F-9096-93C89917428C}.MinSizeRel|Win32.Build.0 = Release|Win32
		{55EDEE9A-19BA-4F1F-9096-93C89917428C}.MinSizeRel|x64.ActiveCfg = Release|Win32
		{55EDEE9A-19BA-4F1F-9096-93C89917428C}.MinSizeRel|x86.ActiveCfg = Release|Win32
		{55EDEE9A-19BA-4F1F-9096-93C89917428C}.Release|Any CPU.ActiveCfg = Release|Win32
		{55EDEE9A-19BA-4F1F-9096-93C89917428C}.Release|Mixed Platforms.ActiveCfg = Release|Win32
		{55EDEE9A-19BA-4F1F-9096-93C89917428C}.Release|Mixed Platforms.Build.0 = Release|Win32
		{55EDEE9A-19BA-4F1F-9096-93C89917428C}.Release|Win32.ActiveCfg = Release|Win32
		{55EDEE9A-19BA-4F1F-9096-93C89917428C}.Release|Win32.Build.0 = Release|Win32
		{55EDEE9A-19BA-4F1F-9096-93C89917428C}.Release|x64.ActiveCfg = Release|Win32
		{55EDEE9A-19BA-4F1F-9096-93C89917428C}.Release|x86.ActiveCfg = Release|Win32
		{55EDEE9A-19BA-4F1F-9096-93C89917428C}.Release-Static|Any CPU.ActiveCfg = Release|Win32
		{55EDEE9A-19BA-4F1F-9096-93C89917428C}.Release-Static|Mixed Platforms.ActiveCfg = Release|Win32
		{55EDEE9A-19BA-4F1F-9096-93C89917428C}.Release-Static|Mixed Platforms.Build.0 = Release|Win32
		{55EDEE9A-19BA-4F1F-9096-93C89917428C}.Release-Static|Win32.ActiveCfg = Release|Win32
		{55EDEE9A-19BA-4F1F-9096-93C89917428C}.Release-Static|Win32.Build.0 = Release|Win32
		{55EDEE9A-19BA-4F1F-9096-93C89917428C}.Release-Static|x64.ActiveCfg = Release|Win32
		{55EDEE9A-19BA-4F1F-9096-93C89917428C}.Release-Static|x86.ActiveCfg = Release|Win32
		{55EDEE9A-19BA-4F1F-9096-93C89917428C}.RelWithDebInfo|Any CPU.ActiveCfg = Release|Win32
		{55EDEE9A-19BA-4F1F-9096-93C89917428C}.RelWithDebInfo|Mixed Platforms.ActiveCfg = Release|Win32
		{55EDEE9A-19BA-4F1F-9096-93C89917428C}.RelWithDebInfo|Mixed Platforms.Build.0 = Release|Win32
		{55EDEE9A-19BA-4F1F-9096-93C89917428C}.RelWithDebInfo|Win32.ActiveCfg = Release|Win32
		{55EDEE9A-19BA-4F1F-9096-93C89917428C}.RelWithDebInfo|Win32.Build.0 = Release|Win32
		{55EDEE9A-19BA-4F1F-9096-93C89917428C}.RelWithDebInfo|x64.ActiveCfg = Release|Win32
		{55EDEE9A-19BA-4F1F-9096-93C89917428C}.RelWithDebInfo|x86.ActiveCfg = Release|Win32
		{55EDEE9A-19BA-4F1F-9096-93C89917428C}.Template|Any CPU.ActiveCfg = Release|Win32
		{55EDEE9A-19BA-4F1F-9096-93C89917428C}.Template|Mixed Platforms.ActiveCfg = Release|Win32
		{55EDEE9A-19BA-4F1F-9096-93C89917428C}.Template|Mixed Platforms.Build.0 = Release|Win32
		{55EDEE9A-19BA-4F1F-9096-93C89917428C}.Template|Win32.ActiveCfg = Release|Win32
		{55EDEE9A-19BA-4F1F-9096-93C89917428C}.Template|Win32.Build.0 = Release|Win32
		{55EDEE9A-19BA-4F1F-9096-93C89917428C}.Template|x64.ActiveCfg = Release|Win32
		{55EDEE9A-19BA-4F1F-9096-93C89917428C}.Template|x86.ActiveCfg = Release|Win32
		{3C0DB874-ED22-4E6D-AC0F-1DCF3A738B1B}.Debug|Any CPU.ActiveCfg = Debug|Win32
		{3C0DB874-ED22-4E6D-AC0F-1DCF3A738B1B}.Debug|Mixed Platforms.ActiveCfg = Debug|Win32
		{3C0DB874-ED22-4E6D-AC0F-1DCF3A738B1B}.Debug|Mixed Platforms.Build.0 = Debug|Win32
		{3C0DB874-ED22-4E6D-AC0F-1DCF3A738B1B}.Debug|Win32.ActiveCfg = Debug|Win32
		{3C0DB874-ED22-4E6D-AC0F-1DCF3A738B1B}.Debug|Win32.Build.0 = Debug|Win32
		{3C0DB874-ED22-4E6D-AC0F-1DCF3A738B1B}.Debug|x64.ActiveCfg = Debug|Win32
		{3C0DB874-ED22-4E6D-AC0F-1DCF3A738B1B}.Debug|x86.ActiveCfg = Debug|Win32
		{3C0DB874-ED22-4E6D-AC0F-1DCF3A738B1B}.MinSizeRel|Any CPU.ActiveCfg = Release|Win32
		{3C0DB874-ED22-4E6D-AC0F-1DCF3A738B1B}.MinSizeRel|Mixed Platforms.ActiveCfg = Release|Win32
		{3C0DB874-ED22-4E6D-AC0F-1DCF3A738B1B}.MinSizeRel|Mixed Platforms.Build.0 = Release|Win32
		{3C0DB874-ED22-4E6D-AC0F-1DCF3A738B1B}.MinSizeRel|Win32.ActiveCfg = Release|Win32
		{3C0DB874-ED22-4E6D-AC0F-1DCF3A738B1B}.MinSizeRel|Win32.Build.0 = Release|Win32
		{3C0DB874-ED22-4E6D-AC0F-1DCF3A738B1B}.MinSizeRel|x64.ActiveCfg = Release|Win32
		{3C0DB874-ED22-4E6D-AC0F-1DCF3A738B1B}.MinSizeRel|x86.ActiveCfg = Release|Win32
		{3C0DB874-ED22-4E6D-AC0F-1DCF3A738B1B}.Release|Any CPU.ActiveCfg = Release|Win32
		{3C0DB874-ED22-4E6D-AC0F-1DCF3A738B1B}.Release|Mixed Platforms.ActiveCfg = Release|Win32
		{3C0DB874-ED22-4E6D-AC0F-1DCF3A738B1B}.Release|Mixed Platforms.Build.0 = Release|Win32
		{3C0DB874-ED22-4E6D-AC0F-1DCF3A738B1B}.Release|Win32.ActiveCfg = Release|Win32
		{3C0DB874-ED22-4E6D-AC0F-1DCF3A738B1B}.Release|Win32.Build.0 = Release|Win32
		{3C0DB874-ED22-4E6D-AC0F-1DCF3A738B1B}.Release|x64.ActiveCfg = Release|Win32
		{3C0DB874-ED22-4E6D-AC0F-1DCF3A738B1B}.Release|x86.ActiveCfg = Release|Win32
		{3C0DB874-ED22-4E6D-AC0F-1DCF3A738B1B}.Release-Static|Any CPU.ActiveCfg = Release|Win32
		{3C0DB874-ED22-4E6D-AC0F-1DCF3A738B1B}.Release-Static|Mixed Platforms.ActiveCfg = Release|Win32
		{3C0DB874-ED22-4E6D-AC0F-1DCF3A738B1B}.Release-Static|Mixed Platforms.Build.0 = Release|Win32
		{3C0DB874-ED22-4E6D-AC0F-1DCF3A738B1B}.Release-Static|Win32.ActiveCfg = Release|Win32
		{3C0DB874-ED22-4E6D-AC0F-1DCF3A738B1B}.Release-Static|Win32.Build.0 = Release|Win32
		{3C0DB874-ED22-4E6D-AC0F-1DCF3A738B1B}.Release-Static|x64.ActiveCfg = Release|Win32
		{3C0DB874-ED22-4E6D-AC0F-1DCF3A738B1B}.Release-Static|x86.ActiveCfg = Release|Win32
		{3C0DB874-ED22-4E6D-AC0F-1DCF3A738B1B}.RelWithDebInfo|Any CPU.ActiveCfg = Release|Win32
		{3C0DB874-ED22-4E6D-AC0F-1DCF3A738B1B}.RelWithDebInfo|Mixed Platforms.ActiveCfg = Release|Win32
		{3C0DB874-ED22-4E6D-AC0F-1DCF3A738B1B}.RelWithDebInfo|Mixed Platforms.Build.0 = Release|Win32
		{3C0DB874-ED22-4E6D-AC0F-1DCF3A738B1B}.RelWithDebInfo|Win32.ActiveCfg = Release|Win32
		{3C0DB874-ED22-4E6D-AC0F-1DCF3A738B1B}.RelWithDebInfo|Win32.Build.0 = Release|Win32
		{3C0DB874-ED22-4E6D-AC0F-1DCF3A738B1B}.RelWithDebInfo|x64.ActiveCfg = Release|Win32
		{3C0DB874-ED22-4E6D-AC0F-1DCF3A738B1B}.RelWithDebInfo|x86.ActiveCfg = Release|Win32
		{3C0DB874-ED22-4E6D-AC0F-1DCF3A738B1B}.Template|Any CPU.ActiveCfg = Release|Win32
		{3C0DB874-ED22-4E6D-AC0F-1DCF3A738B1B}.Template|Mixed Platforms.ActiveCfg = Release|Win32
		{3C0DB874-ED22-4E6D-AC0F-1DCF3A738B1B}.Template|Mixed Platforms.Build.0 = Release|Win32
		{3C0DB874-ED22-4E6D-AC0F-1DCF3A738B1B}.Template|Win32.ActiveCfg = Release|Win32
		{3C0DB874-ED22-4E6D-AC0F-1DCF3A738B1B}.Template|Win32.Build.0 = Release|Win32
		{3C0DB874-ED22-4E6D-AC0F-1DCF3A738B1B}.Template|x64.ActiveCfg = Release|Win32
		{3C0DB874-ED22-4E6D-AC0F-1DCF3A738B1B}.Template|x86.ActiveCfg = Release|Win32
		{B1469352-8C5E-44F2-8384-16DA81B3A291}.Debug|Any CPU.ActiveCfg = Debug|Win32
		{B1469352-8C5E-44F2-8384-16DA81B3A291}.Debug|Mixed Platforms.ActiveCfg = Debug|Win32
		{B1469352-8C5E-44F2-8384-16DA81B3A291}.Debug|Mixed Platforms.Build.0 = Debug|Win32
		{B1469352-8C5E-44F2-8384-16DA81B3A291}.Debug|Win32.ActiveCfg = Debug|Win32
		{B1469352-8C5E-44F2-8384-16DA81B3A291}.Debug|Win32.Build.0 = Debug|Win32
		{B1469352-8C5E-44F2-8384-16DA81B3A291}.Debug|x64.ActiveCfg = Debug|Win32
		{B1469352-8C5E-44F2-8384-16DA81B3A291}.Debug|x86.ActiveCfg = Debug|Win32
		{B1469352-8C5E-44F2-8384-16DA81B3A291}.MinSizeRel|Any CPU.ActiveCfg = Release|Win32
		{B1469352-8C5E-44F2-8384-16DA81B3A291}.MinSizeRel|Mixed Platforms.ActiveCfg = Release|Win32
		{B1469352-8C5E-44F2-8384-16DA81B3A291}.MinSizeRel|Mixed Platforms.Build.0 = Release|Win32
		{B1469352-8C5E-44F2-8384-16DA81B3A291}.MinSizeRel|Win32.ActiveCfg = Release|Win32
		{B1469352-8C5E-44F2-8384-16DA81B3A291}.MinSizeRel|Win32.Build.0 = Release|Win32
		{B1469352-8C5E-44F2-8384-16DA81B3A291}.MinSizeRel|x64.ActiveCfg = Release|Win32
		{B1469352-8C5E-44F2-8384-16DA81B3A291}.MinSizeRel|x86.ActiveCfg = Release|Win32
		{B1469352-8C5E-44F2-8384-16DA81B3A291}.Release|Any CPU.ActiveCfg = Release|Win32
		{B1469352-8C5E-44F2-8384-16DA81B3A291}.Release|Mixed Platforms.ActiveCfg = Release|Win32
		{B1469352-8C5E-44F2-8384-16DA81B3A291}.Release|Mixed Platforms.Build.0 = Release|Win32
		{B1469352-8C5E-44F2-8384-16DA81B3A291}.Release|Win32.ActiveCfg = Release|Win32
		{B1469352-8C5E-44F2-8384-16DA81B3A291}.Release|Win32.Build.0 = Release|Win32
		{B1469352-8C5E-44F2-8384-16DA81B3A291}.Release|x64.ActiveCfg = Release|Win32
		{B1469352-8C5E-44F2-8384-16DA81B3A291}.Release|x86.ActiveCfg = Release|Win32
		{B1469352-8C5E-44F2-8384-16DA81B3A291}.Release-Static|Any CPU.ActiveCfg = Release|Win32
		{B1469352-8C5E-44F2-8384-16DA81B3A291}.Release-Static|Mixed Platforms.ActiveCfg = Release|Win32
		{B1469352-8C5E-44F2-8384-16DA81B3A291}.Release-Static|Mixed Platforms.Build.0 = Release|Win32
		{B1469352-8C5E-44F2-8384-16DA81B3A291}.Release-Static|Win32.ActiveCfg = Release|Win32
		{B1469352-8C5E-44F2-8384-16DA81B3A291}.Release-Static|Win32.Build.0 = Release|Win32
		{B1469352-8C5E-44F2-8384-16DA81B3A291}.Release-Static|x64.ActiveCfg = Release|Win32
		{B1469352-8C5E-44F2-8384-16DA81B3A291}.Release-Static|x86.ActiveCfg = Release|Win32
		{B1469352-8C5E-44F2-8384-16DA81B3A291}.RelWithDebInfo|Any CPU.ActiveCfg = Release|Win32
		{B1469352-8C5E-44F2-8384-16DA81B3A291}.RelWithDebInfo|Mixed Platforms.ActiveCfg = Release|Win32
		{B1469352-8C5E-44F2-8384-16DA81B3A291}.RelWithDebInfo|Mixed Platforms.Build.0 = Release|Win32
		{B1469352-8C5E-44F2-8384-16DA81B3A291}.RelWithDebInfo|Win32.ActiveCfg = Release|Win32
		{B1469352-8C5E-44F2-8384-16DA81B3A291}.RelWithDebInfo|Win32.Build.0 = Release|Win32
		{B1469352-8C5E-44F2-8384-16DA81B3A291}.RelWithDebInfo|x64.ActiveCfg = Release|Win32
		{B1469352-8C5E-44F2-8384-16DA81B3A291}.RelWithDebInfo|x86.ActiveCfg = Release|Win32
		{B1469352-8C5E-44F2-8384-16DA81B3A291}.Template|Any CPU.ActiveCfg = Release|Win32
		{B1469352-8C5E-44F2-8384-16DA81B3A291}.Template|Mixed Platforms.ActiveCfg = Release|Win32
		{B1469352-8C5E-44F2-8384-16DA81B3A291}.Template|Mixed Platforms.Build.0 = Release|Win32
		{B1469352-8C5E-44F2-8384-16DA81B3A291}.Template|Win32.ActiveCfg = Release|Win32
		{B1469352-8C5E-44F2-8384-16DA81B3A291}.Template|Win32.Build.0 = Release|Win32
		{B1469352-8C5E-44F2-8384-16DA81B3A291}.Template|x64.ActiveCfg = Release|Win32
		{B1469352-8C5E-44F2-8384-16DA81B3A291}.Template|x86.ActiveCfg = Release|Win32
		{00D7BFDC-A4F5-4D75-800D-E01E346736E6}.Debug|Any CPU.ActiveCfg = Debug|Win32
		{00D7BFDC-A4F5-4D75-800D-E01E346736E6}.Debug|Mixed Platforms.ActiveCfg = Debug|Win32
		{00D7BFDC-A4F5-4D75-800D-E01E346736E6}.Debug|Mixed Platforms.Build.0 = Debug|Win32
		{00D7BFDC-A4F5-4D75-800D-E01E346736E6}.Debug|Win32.ActiveCfg = Debug|Win32
		{00D7BFDC-A4F5-4D75-800D-E01E346736E6}.Debug|Win32.Build.0 = Debug|Win32
		{00D7BFDC-A4F5-4D75-800D-E01E346736E6}.Debug|x64.ActiveCfg = Debug|Win32
		{00D7BFDC-A4F5-4D75-800D-E01E346736E6}.Debug|x86.ActiveCfg = Debug|Win32
		{00D7BFDC-A4F5-4D75-800D-E01E346736E6}.MinSizeRel|Any CPU.ActiveCfg = Release|Win32
		{00D7BFDC-A4F5-4D75-800D-E01E346736E6}.MinSizeRel|Mixed Platforms.ActiveCfg = Release|Win32
		{00D7BFDC-A4F5-4D75-800D-E01E346736E6}.MinSizeRel|Mixed Platforms.Build.0 = Release|Win32
		{00D7BFDC-A4F5-4D75-800D-E01E346736E6}.MinSizeRel|Win32.ActiveCfg = Release|Win32
		{00D7BFDC-A4F5-4D75-800D-E01E346736E6}.MinSizeRel|Win32.Build.0 = Release|Win32
		{00D7BFDC-A4F5-4D75-800D-E01E346736E6}.MinSizeRel|x64.ActiveCfg = Release|Win32
		{00D7BFDC-A4F5-4D75-800D-E01E346736E6}.MinSizeRel|x86.ActiveCfg = Release|Win32
		{00D7BFDC-A4F5-4D75-800D-E01E346736E6}.Release|Any CPU.ActiveCfg = Release|Win32
		{00D7BFDC-A4F5-4D75-800D-E01E346736E6}.Release|Mixed Platforms.ActiveCfg = Release|Win32
		{00D7BFDC-A4F5-4D75-800D-E01E346736E6}.Release|Mixed Platforms.Build.0 = Release|Win32
		{00D7BFDC-A4F5-4D75-800D-E01E346736E6}.Release|Win32.ActiveCfg = Release|Win32
		{00D7BFDC-A4F5-4D75-800D-E01E346736E6}.Release|Win32.Build.0 = Release|Win32
		{00D7BFDC-A4F5-4D75-800D-E01E346736E6}.Release|x64.ActiveCfg = Release|Win32
		{00D7BFDC-A4F5-4D75-800D-E01E346736E6}.Release|x86.ActiveCfg = Release|Win32
		{00D7BFDC-A4F5-4D75-800D-E01E346736E6}.Release-Static|Any CPU.ActiveCfg = Release|Win32
		{00D7BFDC-A4F5-4D75-800D-E01E346736E6}.Release-Static|Mixed Platforms.ActiveCfg = Release|Win32
		{00D7BFDC-A4F5-4D75-800D-E01E346736E6}.Release-Static|Mixed Platforms.Build.0 = Release|Win32
		{00D7BFDC-A4F5-4D75-800D-E01E346736E6}.Release-Static|Win32.ActiveCfg = Release|Win32
		{00D7BFDC-A4F5-4D75-800D-E01E346736E6}.Release-Static|Win32.Build.0 = Release|Win32
		{00D7BFDC-A4F5-4D75-800D-E01E346736E6}.Release-Static|x64.ActiveCfg = Release|Win32
		{00D7BFDC-A4F5-4D75-800D-E01E346736E6}.Release-Static|x86.ActiveCfg = Release|Win32
		{00D7BFDC-A4F5-4D75-800D-E01E346736E6}.RelWithDebInfo|Any CPU.ActiveCfg = Release|Win32
		{00D7BFDC-A4F5-4D75-800D-E01E346736E6}.RelWithDebInfo|Mixed Platforms.ActiveCfg = Release|Win32
		{00D7BFDC-A4F5-4D75-800D-E01E346736E6}.RelWithDebInfo|Mixed Platforms.Build.0 = Release|Win32
		{00D7BFDC-A4F5-4D75-800D-E01E346736E6}.RelWithDebInfo|Win32.ActiveCfg = Release|Win32
		{00D7BFDC-A4F5-4D75-800D-E01E346736E6}.RelWithDebInfo|Win32.Build.0 = Release|Win32
		{00D7BFDC-A4F5-4D75-800D-E01E346736E6}.RelWithDebInfo|x64.ActiveCfg = Release|Win32
		{00D7BFDC-A4F5-4D75-800D-E01E346736E6}.RelWithDebInfo|x86.ActiveCfg = Release|Win32
		{00D7BFDC-A4F5-4D75-800D-E01E346736E6}.Template|Any CPU.ActiveCfg = Release|Win32
		{00D7BFDC-A4F5-4D75-800D-E01E346736E6}.Template|Mixed Platforms.ActiveCfg = Release|Win32
		{00D7BFDC-A4F5-4D75-800D-E01E346736E6}.Template|Mixed Platforms.Build.0 = Release|Win32
		{00D7BFDC-A4F5-4D75-800D-E01E346736E6}.Template|Win32.ActiveCfg = Release|Win32
		{00D7BFDC-A4F5-4D75-800D-E01E346736E6}.Template|Win32.Build.0 = Release|Win32
		{00D7BFDC-A4F5-4D75-800D-E01E346736E6}.Template|x64.ActiveCfg = Release|Win32
		{00D7BFDC-A4F5-4D75-800D-E01E346736E6}.Template|x86.ActiveCfg = Release|Win32
		{14F07AF9-8D8B-4292-83A9-61706CF1A94D}.Debug|Any CPU.ActiveCfg = Debug|Win32
		{14F07AF9-8D8B-4292-83A9-61706CF1A94D}.Debug|Mixed Platforms.ActiveCfg = Debug|Win32
		{14F07AF9-8D8B-4292-83A9-61706CF1A94D}.Debug|Mixed Platforms.Build.0 = Debug|Win32
		{14F07AF9-8D8B-4292-83A9-61706CF1A94D}.Debug|Win32.ActiveCfg = Debug|Win32
		{14F07AF9-8D8B-4292-83A9-61706CF1A94D}.Debug|Win32.Build.0 = Debug|Win32
		{14F07AF9-8D8B-4292-83A9-61706CF1A94D}.Debug|x64.ActiveCfg = Debug|Win32
		{14F07AF9-8D8B-4292-83A9-61706CF1A94D}.Debug|x86.ActiveCfg = Debug|Win32
		{14F07AF9-8D8B-4292-83A9-61706CF1A94D}.MinSizeRel|Any CPU.ActiveCfg = Release|Win32
		{14F07AF9-8D8B-4292-83A9-61706CF1A94D}.MinSizeRel|Mixed Platforms.ActiveCfg = Release|Win32
		{14F07AF9-8D8B-4292-83A9-61706CF1A94D}.MinSizeRel|Mixed Platforms.Build.0 = Release|Win32
		{14F07AF9-8D8B-4292-83A9-61706CF1A94D}.MinSizeRel|Win32.ActiveCfg = Release|Win32
		{14F07AF9-8D8B-4292-83A9-61706CF1A94D}.MinSizeRel|Win32.Build.0 = Release|Win32
		{14F07AF9-8D8B-4292-83A9-61706CF1A94D}.MinSizeRel|x64.ActiveCfg = Release|Win32
		{14F07AF9-8D8B-4292-83A9-61706CF1A94D}.MinSizeRel|x86.ActiveCfg = Release|Win32
		{14F07AF9-8D8B-4292-83A9-61706CF1A94D}.Release|Any CPU.ActiveCfg = Release|Win32
		{14F07AF9-8D8B-4292-83A9-61706CF1A94D}.Release|Mixed Platforms.ActiveCfg = Release|Win32
		{14F07AF9-8D8B-4292-83A9-61706CF1A94D}.Release|Mixed Platforms.Build.0 = Release|Win32
		{14F07AF9-8D8B-4292-83A9-61706CF1A94D}.Release|Win32.ActiveCfg = Release|Win32
		{14F07AF9-8D8B-4292-83A9-61706CF1A94D}.Release|Win32.Build.0 = Release|Win32
		{14F07AF9-8D8B-4292-83A9-61706CF1A94D}.Release|x64.ActiveCfg = Release|Win32
		{14F07AF9-8D8B-4292-83A9-61706CF1A94D}.Release|x86.ActiveCfg = Release|Win32
		{14F07AF9-8D8B-4292-83A9-61706CF1A94D}.Release-Static|Any CPU.ActiveCfg = Release|Win32
		{14F07AF9-8D8B-4292-83A9-61706CF1A94D}.Release-Static|Mixed Platforms.ActiveCfg = Release|Win32
		{14F07AF9-8D8B-4292-83A9-61706CF1A94D}.Release-Static|Mixed Platforms.Build.0 = Release|Win32
		{14F07AF9-8D8B-4292-83A9-61706CF1A94D}.Release-Static|Win32.ActiveCfg = Release|Win32
		{14F07AF9-8D8B-4292-83A9-61706CF1A94D}.Release-Static|Win32.Build.0 = Release|Win32
		{14F07AF9-8D8B-4292-83A9-61706CF1A94D}.Release-Static|x64.ActiveCfg = Release|Win32
		{14F07AF9-8D8B-4292-83A9-61706CF1A94D}.Release-Static|x86.ActiveCfg = Release|Win32
		{14F07AF9-8D8B-4292-83A9-61706CF1A94D}.RelWithDebInfo|Any CPU.ActiveCfg = Release|Win32
		{14F07AF9-8D8B-4292-83A9-61706CF1A94D}.RelWithDebInfo|Mixed Platforms.ActiveCfg = Release|Win32
		{14F07AF9-8D8B-4292-83A9-61706CF1A94D}.RelWithDebInfo|Mixed Platforms.Build.0 = Release|Win32
		{14F07AF9-8D8B-4292-83A9-61706CF1A94D}.RelWithDebInfo|Win32.ActiveCfg = Release|Win32
		{14F07AF9-8D8B-4292-83A9-61706CF1A94D}.RelWithDebInfo|Win32.Build.0 = Release|Win32
		{14F07AF9-8D8B-4292-83A9-61706CF1A94D}.RelWithDebInfo|x64.ActiveCfg = Release|Win32
		{14F07AF9-8D8B-4292-83A9-61706CF1A94D}.RelWithDebInfo|x86.ActiveCfg = Release|Win32
		{14F07AF9-8D8B-4292-83A9-61706CF1A94D}.Template|Any CPU.ActiveCfg = Release|Win32
		{14F07AF9-8D8B-4292-83A9-61706CF1A94D}.Template|Mixed Platforms.ActiveCfg = Release|Win32
		{14F07AF9-8D8B-4292-83A9-61706CF1A94D}.Template|Mixed Platforms.Build.0 = Release|Win32
		{14F07AF9-8D8B-4292-83A9-61706CF1A94D}.Template|Win32.ActiveCfg = Release|Win32
		{14F07AF9-8D8B-4292-83A9-61706CF1A94D}.Template|Win32.Build.0 = Release|Win32
		{14F07AF9-8D8B-4292-83A9-61706CF1A94D}.Template|x64.ActiveCfg = Release|Win32
		{14F07AF9-8D8B-4292-83A9-61706CF1A94D}.Template|x86.ActiveCfg = Release|Win32
		{3E5E30A3-C5AD-47D6-BB67-E655657B20A5}.Debug|Any CPU.ActiveCfg = Debug|Win32
		{3E5E30A3-C5AD-47D6-BB67-E655657B20A5}.Debug|Mixed Platforms.ActiveCfg = Debug|Win32
		{3E5E30A3-C5AD-47D6-BB67-E655657B20A5}.Debug|Mixed Platforms.Build.0 = Debug|Win32
		{3E5E30A3-C5AD-47D6-BB67-E655657B20A5}.Debug|Win32.ActiveCfg = Debug|Win32
		{3E5E30A3-C5AD-47D6-BB67-E655657B20A5}.Debug|Win32.Build.0 = Debug|Win32
		{3E5E30A3-C5AD-47D6-BB67-E655657B20A5}.Debug|x64.ActiveCfg = Debug|Win32
		{3E5E30A3-C5AD-47D6-BB67-E655657B20A5}.Debug|x86.ActiveCfg = Debug|Win32
		{3E5E30A3-C5AD-47D6-BB67-E655657B20A5}.MinSizeRel|Any CPU.ActiveCfg = Release|Win32
		{3E5E30A3-C5AD-47D6-BB67-E655657B20A5}.MinSizeRel|Mixed Platforms.ActiveCfg = Release|Win32
		{3E5E30A3-C5AD-47D6-BB67-E655657B20A5}.MinSizeRel|Mixed Platforms.Build.0 = Release|Win32
		{3E5E30A3-C5AD-47D6-BB67-E655657B20A5}.MinSizeRel|Win32.ActiveCfg = Release|Win32
		{3E5E30A3-C5AD-47D6-BB67-E655657B20A5}.MinSizeRel|Win32.Build.0 = Release|Win32
		{3E5E30A3-C5AD-47D6-BB67-E655657B20A5}.MinSizeRel|x64.ActiveCfg = Release|Win32
		{3E5E30A3-C5AD-47D6-BB67-E655657B20A5}.MinSizeRel|x86.ActiveCfg = Release|Win32
		{3E5E30A3-C5AD-47D6-BB67-E655657B20A5}.Release|Any CPU.ActiveCfg = Release|Win32
		{3E5E30A3-C5AD-47D6-BB67-E655657B20A5}.Release|Mixed Platforms.ActiveCfg = Release|Win32
		{3E5E30A3-C5AD-47D6-BB67-E655657B20A5}.Release|Mixed Platforms.Build.0 = Release|Win32
		{3E5E30A3-C5AD-47D6-BB67-E655657B20A5}.Release|Win32.ActiveCfg = Release|Win32
		{3E5E30A3-C5AD-47D6-BB67-E655657B20A5}.Release|Win32.Build.0 = Release|Win32
		{3E5E30A3-C5AD-47D6-BB67-E655657B20A5}.Release|x64.ActiveCfg = Release|Win32
		{3E5E30A3-C5AD-47D6-BB67-E655657B20A5}.Release|x86.ActiveCfg = Release|Win32
		{3E5E30A3-C5AD-47D6-BB67-E655657B20A5}.Release-Static|Any CPU.ActiveCfg = Release|Win32
		{3E5E30A3-C5AD-47D6-BB67-E655657B20A5}.Release-Static|Mixed Platforms.ActiveCfg = Release|Win32
		{3E5E30A3-C5AD-47D6-BB67-E655657B20A5}.Release-Static|Mixed Platforms.Build.0 = Release|Win32
		{3E5E30A3-C5AD-47D6-BB67-E655657B20A5}.Release-Static|Win32.ActiveCfg = Release|Win32
		{3E5E30A3-C5AD-47D6-BB67-E655657B20A5}.Release-Static|Win32.Build.0 = Release|Win32
		{3E5E30A3-C5AD-47D6-BB67-E655657B20A5}.Release-Static|x64.ActiveCfg = Release|Win32
		{3E5E30A3-C5AD-47D6-BB67-E655657B20A5}.Release-Static|x86.ActiveCfg = Release|Win32
		{3E5E30A3-C5AD-47D6-BB67-E655657B20A5}.RelWithDebInfo|Any CPU.ActiveCfg = Release|Win32
		{3E5E30A3-C5AD-47D6-BB67-E655657B20A5}.RelWithDebInfo|Mixed Platforms.ActiveCfg = Release|Win32
		{3E5E30A3-C5AD-47D6-BB67-E655657B20A5}.RelWithDebInfo|Mixed Platforms.Build.0 = Release|Win32
		{3E5E30A3-C5AD-47D6-BB67-E655657B20A5}.RelWithDebInfo|Win32.ActiveCfg = Release|Win32
		{3E5E30A3-C5AD-47D6-BB67-E655657B20A5}.RelWithDebInfo|Win32.Build.0 = Release|Win32
		{3E5E30A3-C5AD-47D6-BB67-E655657B20A5}.RelWithDebInfo|x64.ActiveCfg = Release|Win32
		{3E5E30A3-C5AD-47D6-BB67-E655657B20A5}.RelWithDebInfo|x86.ActiveCfg = Release|Win32
		{3E5E30A3-C5AD-47D6-BB67-E655657B20A5}.Template|Any CPU.ActiveCfg = Release|Win32
		{3E5E30A3-C5AD-47D6-BB67-E655657B20A5}.Template|Mixed Platforms.ActiveCfg = Release|Win32
		{3E5E30A3-C5AD-47D6-BB67-E655657B20A5}.Template|Mixed Platforms.Build.0 = Release|Win32
		{3E5E30A3-C5AD-47D6-BB67-E655657B20A5}.Template|Win32.ActiveCfg = Release|Win32
		{3E5E30A3-C5AD-47D6-BB67-E655657B20A5}.Template|Win32.Build.0 = Release|Win32
		{3E5E30A3-C5AD-47D6-BB67-E655657B20A5}.Template|x64.ActiveCfg = Release|Win32
		{3E5E30A3-C5AD-47D6-BB67-E655657B20A5}.Template|x86.ActiveCfg = Release|Win32
		{1CA811F1-B05A-4DE1-81D9-D6366A2CA772}.Debug|Any CPU.ActiveCfg = Debug|Win32
		{1CA811F1-B05A-4DE1-81D9-D6366A2CA772}.Debug|Mixed Platforms.ActiveCfg = Debug|Win32
		{1CA811F1-B05A-4DE1-81D9-D6366A2CA772}.Debug|Mixed Platforms.Build.0 = Debug|Win32
		{1CA811F1-B05A-4DE1-81D9-D6366A2CA772}.Debug|Win32.ActiveCfg = Debug|Win32
		{1CA811F1-B05A-4DE1-81D9-D6366A2CA772}.Debug|Win32.Build.0 = Debug|Win32
		{1CA811F1-B05A-4DE1-81D9-D6366A2CA772}.Debug|x64.ActiveCfg = Debug|Win32
		{1CA811F1-B05A-4DE1-81D9-D6366A2CA772}.Debug|x86.ActiveCfg = Debug|Win32
		{1CA811F1-B05A-4DE1-81D9-D6366A2CA772}.MinSizeRel|Any CPU.ActiveCfg = Release|Win32
		{1CA811F1-B05A-4DE1-81D9-D6366A2CA772}.MinSizeRel|Mixed Platforms.ActiveCfg = Release|Win32
		{1CA811F1-B05A-4DE1-81D9-D6366A2CA772}.MinSizeRel|Mixed Platforms.Build.0 = Release|Win32
		{1CA811F1-B05A-4DE1-81D9-D6366A2CA772}.MinSizeRel|Win32.ActiveCfg = Release|Win32
		{1CA811F1-B05A-4DE1-81D9-D6366A2CA772}.MinSizeRel|Win32.Build.0 = Release|Win32
		{1CA811F1-B05A-4DE1-81D9-D6366A2CA772}.MinSizeRel|x64.ActiveCfg = Release|Win32
		{1CA811F1-B05A-4DE1-81D9-D6366A2CA772}.MinSizeRel|x86.ActiveCfg = Release|Win32
		{1CA811F1-B05A-4DE1-81D9-D6366A2CA772}.Release|Any CPU.ActiveCfg = Release|Win32
		{1CA811F1-B05A-4DE1-81D9-D6366A2CA772}.Release|Mixed Platforms.ActiveCfg = Release|Win32
		{1CA811F1-B05A-4DE1-81D9-D6366A2CA772}.Release|Mixed Platforms.Build.0 = Release|Win32
		{1CA811F1-B05A-4DE1-81D9-D6366A2CA772}.Release|Win32.ActiveCfg = Release|Win32
		{1CA811F1-B05A-4DE1-81D9-D6366A2CA772}.Release|Win32.Build.0 = Release|Win32
		{1CA811F1-B05A-4DE1-81D9-D6366A2CA772}.Release|x64.ActiveCfg = Release|Win32
		{1CA811F1-B05A-4DE1-81D9-D6366A2CA772}.Release|x86.ActiveCfg = Release|Win32
		{1CA811F1-B05A-4DE1-81D9-D6366A2CA772}.Release-Static|Any CPU.ActiveCfg = Release|Win32
		{1CA811F1-B05A-4DE1-81D9-D6366A2CA772}.Release-Static|Mixed Platforms.ActiveCfg = Release|Win32
		{1CA811F1-B05A-4DE1-81D9-D6366A2CA772}.Release-Static|Mixed Platforms.Build.0 = Release|Win32
		{1CA811F1-B05A-4DE1-81D9-D6366A2CA772}.Release-Static|Win32.ActiveCfg = Release|Win32
		{1CA811F1-B05A-4DE1-81D9-D6366A2CA772}.Release-Static|Win32.Build.0 = Release|Win32
		{1CA811F1-B05A-4DE1-81D9-D6366A2CA772}.Release-Static|x64.ActiveCfg = Release|Win32
		{1CA811F1-B05A-4DE1-81D9-D6366A2CA772}.Release-Static|x86.ActiveCfg = Release|Win32
		{1CA811F1-B05A-4DE1-81D9-D6366A2CA772}.RelWithDebInfo|Any CPU.ActiveCfg = Release|Win32
		{1CA811F1-B05A-4DE1-81D9-D6366A2CA772}.RelWithDebInfo|Mixed Platforms.ActiveCfg = Release|Win32
		{1CA811F1-B05A-4DE1-81D9-D6366A2CA772}.RelWithDebInfo|Mixed Platforms.Build.0 = Release|Win32
		{1CA811F1-B05A-4DE1-81D9-D6366A2CA772}.RelWithDebInfo|Win32.ActiveCfg = Release|Win32
		{1CA811F1-B05A-4DE1-81D9-D6366A2CA772}.RelWithDebInfo|Win32.Build.0 = Release|Win32
		{1CA811F1-B05A-4DE1-81D9-D6366A2CA772}.RelWithDebInfo|x64.ActiveCfg = Release|Win32
		{1CA811F1-B05A-4DE1-81D9-D6366A2CA772}.RelWithDebInfo|x86.ActiveCfg = Release|Win32
		{1CA811F1-B05A-4DE1-81D9-D6366A2CA772}.Template|Any CPU.ActiveCfg = Release|Win32
		{1CA811F1-B05A-4DE1-81D9-D6366A2CA772}.Template|Mixed Platforms.ActiveCfg = Release|Win32
		{1CA811F1-B05A-4DE1-81D9-D6366A2CA772}.Template|Mixed Platforms.Build.0 = Release|Win32
		{1CA811F1-B05A-4DE1-81D9-D6366A2CA772}.Template|Win32.ActiveCfg = Release|Win32
		{1CA811F1-B05A-4DE1-81D9-D6366A2CA772}.Template|Win32.Build.0 = Release|Win32
		{1CA811F1-B05A-4DE1-81D9-D6366A2CA772}.Template|x64.ActiveCfg = Release|Win32
		{1CA811F1-B05A-4DE1-81D9-D6366A2CA772}.Template|x86.ActiveCfg = Release|Win32
		{F16FD9BC-98B3-49A7-9E1F-200EB6A5DF12}.Debug|Any CPU.ActiveCfg = Debug|Win32
		{F16FD9BC-98B3-49A7-9E1F-200EB6A5DF12}.Debug|Mixed Platforms.ActiveCfg = Debug|Win32
		{F16FD9BC-98B3-49A7-9E1F-200EB6A5DF12}.Debug|Mixed Platforms.Build.0 = Debug|Win32
		{F16FD9BC-98B3-49A7-9E1F-200EB6A5DF12}.Debug|Win32.ActiveCfg = Debug|Win32
		{F16FD9BC-98B3-49A7-9E1F-200EB6A5DF12}.Debug|Win32.Build.0 = Debug|Win32
		{F16FD9BC-98B3-49A7-9E1F-200EB6A5DF12}.Debug|x64.ActiveCfg = Debug|Win32
		{F16FD9BC-98B3-49A7-9E1F-200EB6A5DF12}.Debug|x86.ActiveCfg = Debug|Win32
		{F16FD9BC-98B3-49A7-9E1F-200EB6A5DF12}.MinSizeRel|Any CPU.ActiveCfg = Release|Win32
		{F16FD9BC-98B3-49A7-9E1F-200EB6A5DF12}.MinSizeRel|Mixed Platforms.ActiveCfg = Release|Win32
		{F16FD9BC-98B3-49A7-9E1F-200EB6A5DF12}.MinSizeRel|Mixed Platforms.Build.0 = Release|Win32
		{F16FD9BC-98B3-49A7-9E1F-200EB6A5DF12}.MinSizeRel|Win32.ActiveCfg = Release|Win32
		{F16FD9BC-98B3-49A7-9E1F-200EB6A5DF12}.MinSizeRel|Win32.Build.0 = Release|Win32
		{F16FD9BC-98B3-49A7-9E1F-200EB6A5DF12}.MinSizeRel|x64.ActiveCfg = Release|Win32
		{F16FD9BC-98B3-49A7-9E1F-200EB6A5DF12}.MinSizeRel|x86.ActiveCfg = Release|Win32
		{F16FD9BC-98B3-49A7-9E1F-200EB6A5DF12}.Release|Any CPU.ActiveCfg = Release|Win32
		{F16FD9BC-98B3-49A7-9E1F-200EB6A5DF12}.Release|Mixed Platforms.ActiveCfg = Release|Win32
		{F16FD9BC-98B3-49A7-9E1F-200EB6A5DF12}.Release|Mixed Platforms.Build.0 = Release|Win32
		{F16FD9BC-98B3-49A7-9E1F-200EB6A5DF12}.Release|Win32.ActiveCfg = Release|Win32
		{F16FD9BC-98B3-49A7-9E1F-200EB6A5DF12}.Release|Win32.Build.0 = Release|Win32
		{F16FD9BC-98B3-49A7-9E1F-200EB6A5DF12}.Release|x64.ActiveCfg = Release|Win32
		{F16FD9BC-98B3-49A7-9E1F-200EB6A5DF12}.Release|x86.ActiveCfg = Release|Win32
		{F16FD9BC-98B3-49A7-9E1F-200EB6A5DF12}.Release-Static|Any CPU.ActiveCfg = Release|Win32
		{F16FD9BC-98B3-49A7-9E1F-200EB6A5DF12}.Release-Static|Mixed Platforms.ActiveCfg = Release|Win32
		{F16FD9BC-98B3-49A7-9E1F-200EB6A5DF12}.Release-Static|Mixed Platforms.Build.0 = Release|Win32
		{F16FD9BC-98B3-49A7-9E1F-200EB6A5DF12}.Release-Static|Win32.ActiveCfg = Release|Win32
		{F16FD9BC-98B3-49A7-9E1F-200EB6A5DF12}.Release-Static|Win32.Build.0 = Release|Win32
		{F16FD9BC-98B3-49A7-9E1F-200EB6A5DF12}.Release-Static|x64.ActiveCfg = Release|Win32
		{F16FD9BC-98B3-49A7-9E1F-200EB6A5DF12}.Release-Static|x86.ActiveCfg = Release|Win32
		{F16FD9BC-98B3-49A7-9E1F-200EB6A5DF12}.RelWithDebInfo|Any CPU.ActiveCfg = Release|Win32
		{F16FD9BC-98B3-49A7-9E1F-200EB6A5DF12}.RelWithDebInfo|Mixed Platforms.ActiveCfg = Release|Win32
		{F16FD9BC-98B3-49A7-9E1F-200EB6A5DF12}.RelWithDebInfo|Mixed Platforms.Build.0 = Release|Win32
		{F16FD9BC-98B3-49A7-9E1F-200EB6A5DF12}.RelWithDebInfo|Win32.ActiveCfg = Release|Win32
		{F16FD9BC-98B3-49A7-9E1F-200EB6A5DF12}.RelWithDebInfo|Win32.Build.0 = Release|Win32
		{F16FD9BC-98B3-49A7-9E1F-200EB6A5DF12}.RelWithDebInfo|x64.ActiveCfg = Release|Win32
		{F16FD9BC-98B3-49A7-9E1F-200EB6A5DF12}.RelWithDebInfo|x86.ActiveCfg = Release|Win32
		{F16FD9BC-98B3-49A7-9E1F-200EB6A5DF12}.Template|Any CPU.ActiveCfg = Release|Win32
		{F16FD9BC-98B3-49A7-9E1F-200EB6A5DF12}.Template|Mixed Platforms.ActiveCfg = Release|Win32
		{F16FD9BC-98B3-49A7-9E1F-200EB6A5DF12}.Template|Mixed Platforms.Build.0 = Release|Win32
		{F16FD9BC-98B3-49A7-9E1F-200EB6A5DF12}.Template|Win32.ActiveCfg = Release|Win32
		{F16FD9BC-98B3-49A7-9E1F-200EB6A5DF12}.Template|Win32.Build.0 = Release|Win32
		{F16FD9BC-98B3-49A7-9E1F-200EB6A5DF12}.Template|x64.ActiveCfg = Release|Win32
		{F16FD9BC-98B3-49A7-9E1F-200EB6A5DF12}.Template|x86.ActiveCfg = Release|Win32
		{96D414C2-1574-2B4A-A75F-F92985133A4B}.Debug|Any CPU.ActiveCfg = Debug|Win32
		{96D414C2-1574-2B4A-A75F-F92985133A4B}.Debug|Mixed Platforms.ActiveCfg = Debug|Win32
		{96D414C2-1574-2B4A-A75F-F92985133A4B}.Debug|Mixed Platforms.Build.0 = Debug|Win32
		{96D414C2-1574-2B4A-A75F-F92985133A4B}.Debug|Win32.ActiveCfg = Debug|Win32
		{96D414C2-1574-2B4A-A75F-F92985133A4B}.Debug|Win32.Build.0 = Debug|Win32
		{96D414C2-1574-2B4A-A75F-F92985133A4B}.Debug|x64.ActiveCfg = Debug|Win32
		{96D414C2-1574-2B4A-A75F-F92985133A4B}.Debug|x86.ActiveCfg = Debug|Win32
		{96D414C2-1574-2B4A-A75F-F92985133A4B}.MinSizeRel|Any CPU.ActiveCfg = Release|Win32
		{96D414C2-1574-2B4A-A75F-F92985133A4B}.MinSizeRel|Mixed Platforms.ActiveCfg = Release|Win32
		{96D414C2-1574-2B4A-A75F-F92985133A4B}.MinSizeRel|Mixed Platforms.Build.0 = Release|Win32
		{96D414C2-1574-2B4A-A75F-F92985133A4B}.MinSizeRel|Win32.ActiveCfg = Release|Win32
		{96D414C2-1574-2B4A-A75F-F92985133A4B}.MinSizeRel|Win32.Build.0 = Release|Win32
		{96D414C2-1574-2B4A-A75F-F92985133A4B}.MinSizeRel|x64.ActiveCfg = Release|Win32
		{96D414C2-1574-2B4A-A75F-F92985133A4B}.MinSizeRel|x86.ActiveCfg = Release|Win32
		{96D414C2-1574-2B4A-A75F-F92985133A4B}.Release|Any CPU.ActiveCfg = Release|Win32
		{96D414C2-1574-2B4A-A75F-F92985133A4B}.Release|Mixed Platforms.ActiveCfg = Release|Win32
		{96D414C2-1574-2B4A-A75F-F92985133A4B}.Release|Mixed Platforms.Build.0 = Release|Win32
		{96D414C2-1574-2B4A-A75F-F92985133A4B}.Release|Win32.ActiveCfg = Release|Win32
		{96D414C2-1574-2B4A-A75F-F92985133A4B}.Release|Win32.Build.0 = Release|Win32
		{96D414C2-1574-2B4A-A75F-F92985133A4B}.Release|x64.ActiveCfg = Release|Win32
		{96D414C2-1574-2B4A-A75F-F92985133A4B}.Release|x86.ActiveCfg = Release|Win32
		{96D414C2-1574-2B4A-A75F-F92985133A4B}.Release-Static|Any CPU.ActiveCfg = Release|Win32
		{96D414C2-1574-2B4A-A75F-F92985133A4B}.Release-Static|Mixed Platforms.ActiveCfg = Release|Win32
		{96D414C2-1574-2B4A-A75F-F92985133A4B}.Release-Static|Mixed Platforms.Build.0 = Release|Win32
		{96D414C2-1574-2B4A-A75F-F92985133A4B}.Release-Static|Win32.ActiveCfg = Release|Win32
		{96D414C2-1574-2B4A-A75F-F92985133A4B}.Release-Static|Win32.Build.0 = Release|Win32
		{96D414C2-1574-2B4A-A75F-F92985133A4B}.Release-Static|x64.ActiveCfg = Release|Win32
		{96D414C2-1574-2B4A-A75F-F92985133A4B}.Release-Static|x86.ActiveCfg = Release|Win32
		{96D414C2-1574-2B4A-A75F-F92985133A4B}.RelWithDebInfo|Any CPU.ActiveCfg = Release|Win32
		{96D414C2-1574-2B4A-A75F-F92985133A4B}.RelWithDebInfo|Mixed Platforms.ActiveCfg = Release|Win32
		{96D414C2-1574-2B4A-A75F-F92985133A4B}.RelWithDebInfo|Mixed Platforms.Build.0 = Release|Win32
		{96D414C2-1574-2B4A-A75F-F92985133A4B}.RelWithDebInfo|Win32.ActiveCfg = Release|Win32
		{96D414C2-1574-2B4A-A75F-F92985133A4B}.RelWithDebInfo|Win32.Build.0 = Release|Win32
		{96D414C2-1574-2B4A-A75F-F92985133A4B}.RelWithDebInfo|x64.ActiveCfg = Release|Win32
		{96D414C2-1574-2B4A-A75F-F92985133A4B}.RelWithDebInfo|x86.ActiveCfg = Release|Win32
		{96D414C2-1574-2B4A-A75F-F92985133A4B}.Template|Any CPU.ActiveCfg = Release|Win32
		{96D414C2-1574-2B4A-A75F-F92985133A4B}.Template|Mixed Platforms.ActiveCfg = Release|Win32
		{96D414C2-1574-2B4A-A75F-F92985133A4B}.Template|Mixed Platforms.Build.0 = Release|Win32
		{96D414C2-1574-2B4A-A75F-F92985133A4B}.Template|Win32.ActiveCfg = Release|Win32
		{96D414C2-1574-2B4A-A75F-F92985133A4B}.Template|Win32.Build.0 = Release|Win32
		{96D414C2-1574-2B4A-A75F-F92985133A4B}.Template|x64.ActiveCfg = Release|Win32
		{96D414C2-1574-2B4A-A75F-F92985133A4B}.Template|x86.ActiveCfg = Release|Win32
		{AC654DC6-6639-2640-A442-E977AE1C9D26}.Debug|Any CPU.ActiveCfg = Debug|Win32
		{AC654DC6-6639-2640-A442-E977AE1C9D26}.Debug|Mixed Platforms.ActiveCfg = Debug|Win32
		{AC654DC6-6639-2640-A442-E977AE1C9D26}.Debug|Mixed Platforms.Build.0 = Debug|Win32
		{AC654DC6-6639-2640-A442-E977AE1C9D26}.Debug|Win32.ActiveCfg = Debug|Win32
		{AC654DC6-6639-2640-A442-E977AE1C9D26}.Debug|Win32.Build.0 = Debug|Win32
		{AC654DC6-6639-2640-A442-E977AE1C9D26}.Debug|x64.ActiveCfg = Debug|Win32
		{AC654DC6-6639-2640-A442-E977AE1C9D26}.Debug|x86.ActiveCfg = Debug|Win32
		{AC654DC6-6639-2640-A442-E977AE1C9D26}.MinSizeRel|Any CPU.ActiveCfg = Release|Win32
		{AC654DC6-6639-2640-A442-E977AE1C9D26}.MinSizeRel|Mixed Platforms.ActiveCfg = Release|Win32
		{AC654DC6-6639-2640-A442-E977AE1C9D26}.MinSizeRel|Mixed Platforms.Build.0 = Release|Win32
		{AC654DC6-6639-2640-A442-E977AE1C9D26}.MinSizeRel|Win32.ActiveCfg = Release|Win32
		{AC654DC6-6639-2640-A442-E977AE1C9D26}.MinSizeRel|Win32.Build.0 = Release|Win32
		{AC654DC6-6639-2640-A442-E977AE1C9D26}.MinSizeRel|x64.ActiveCfg = Release|Win32
		{AC654DC6-6639-2640-A442-E977AE1C9D26}.MinSizeRel|x86.ActiveCfg = Release|Win32
		{AC654DC6-6639-2640-A442-E977AE1C9D26}.Release|Any CPU.ActiveCfg = Release|Win32
		{AC654DC6-6639-2640-A442-E977AE1C9D26}.Release|Mixed Platforms.ActiveCfg = Release|Win32
		{AC654DC6-6639-2640-A442-E977AE1C9D26}.Release|Mixed Platforms.Build.0 = Release|Win32
		{AC654DC6-6639-2640-A442-E977AE1C9D26}.Release|Win32.ActiveCfg = Release|Win32
		{AC654DC6-6639-2640-A442-E977AE1C9D26}.Release|Win32.Build.0 = Release|Win32
		{AC654DC6-6639-2640-A442-E977AE1C9D26}.Release|x64.ActiveCfg = Release|Win32
		{AC654DC6-6639-2640-A442-E977AE1C9D26}.Release|x86.ActiveCfg = Release|Win32
		{AC654DC6-6639-2640-A442-E977AE1C9D26}.Release-Static|Any CPU.ActiveCfg = Release|Win32
		{AC654DC6-6639-2640-A442-E977AE1C9D26}.Release-Static|Mixed Platforms.ActiveCfg = Release|Win32
		{AC654DC6-6639-2640-A442-E977AE1C9D26}.Release-Static|Mixed Platforms.Build.0 = Release|Win32
		{AC654DC6-6639-2640-A442-E977AE1C9D26}.Release-Static|Win32.ActiveCfg = Release|Win32
		{AC654DC6-6639-2640-A442-E977AE1C9D26}.Release-Static|Win32.Build.0 = Release|Win32
		{AC654DC6-6639-2640-A442-E977AE1C9D26}.Release-Static|x64.ActiveCfg = Release|Win32
		{AC654DC6-6639-2640-A442-E977AE1C9D26}.Release-Static|x86.ActiveCfg = Release|Win32
		{AC654DC6-6639-2640-A442-E977AE1C9D26}.RelWithDebInfo|Any CPU.ActiveCfg = Release|Win32
		{AC654DC6-6639-2640-A442-E977AE1C9D26}.RelWithDebInfo|Mixed Platforms.ActiveCfg = Release|Win32
		{AC654DC6-6639-2640-A442-E977AE1C9D26}.RelWithDebInfo|Mixed Platforms.Build.0 = Release|Win32
		{AC654DC6-6639-2640-A442-E977AE1C9D26}.RelWithDebInfo|Win32.ActiveCfg = Release|Win32
		{AC654DC6-6639-2640-A442-E977AE1C9D26}.RelWithDebInfo|Win32.Build.0 = Release|Win32
		{AC654DC6-6639-2640-A442-E977AE1C9D26}.RelWithDebInfo|x64.ActiveCfg = Release|Win32
		{AC654DC6-6639-2640-A442-E977AE1C9D26}.RelWithDebInfo|x86.ActiveCfg = Release|Win32
		{AC654DC6-6639-2640-A442-E977AE1C9D26}.Template|Any CPU.ActiveCfg = Release|Win32
		{AC654DC6-6639-2640-A442-E977AE1C9D26}.Template|Mixed Platforms.ActiveCfg = Release|Win32
		{AC654DC6-6639-2640-A442-E977AE1C9D26}.Template|Mixed Platforms.Build.0 = Release|Win32
		{AC654DC6-6639-2640-A442-E977AE1C9D26}.Template|Win32.ActiveCfg = Release|Win32
		{AC654DC6-6639-2640-A442-E977AE1C9D26}.Template|Win32.Build.0 = Release|Win32
		{AC654DC6-6639-2640-A442-E977AE1C9D26}.Template|x64.ActiveCfg = Release|Win32
		{AC654DC6-6639-2640-A442-E977AE1C9D26}.Template|x86.ActiveCfg = Release|Win32
		{852F81B0-F3EE-48C4-A34D-DE6329D6F446}.Debug|Any CPU.ActiveCfg = Debug|Win32
		{852F81B0-F3EE-48C4-A34D-DE6329D6F446}.Debug|Mixed Platforms.ActiveCfg = Debug|Win32
		{852F81B0-F3EE-48C4-A34D-DE6329D6F446}.Debug|Mixed Platforms.Build.0 = Debug|Win32
		{852F81B0-F3EE-48C4-A34D-DE6329D6F446}.Debug|Win32.ActiveCfg = Debug|Win32
		{852F81B0-F3EE-48C4-A34D-DE6329D6F446}.Debug|Win32.Build.0 = Debug|Win32
		{852F81B0-F3EE-48C4-A34D-DE6329D6F446}.Debug|x64.ActiveCfg = Debug|Win32
		{852F81B0-F3EE-48C4-A34D-DE6329D6F446}.Debug|x86.ActiveCfg = Debug|Win32
		{852F81B0-F3EE-48C4-A34D-DE6329D6F446}.MinSizeRel|Any CPU.ActiveCfg = Release|Win32
		{852F81B0-F3EE-48C4-A34D-DE6329D6F446}.MinSizeRel|Mixed Platforms.ActiveCfg = Release|Win32
		{852F81B0-F3EE-48C4-A34D-DE6329D6F446}.MinSizeRel|Mixed Platforms.Build.0 = Release|Win32
		{852F81B0-F3EE-48C4-A34D-DE6329D6F446}.MinSizeRel|Win32.ActiveCfg = Release|Win32
		{852F81B0-F3EE-48C4-A34D-DE6329D6F446}.MinSizeRel|Win32.Build.0 = Release|Win32
		{852F81B0-F3EE-48C4-A34D-DE6329D6F446}.MinSizeRel|x64.ActiveCfg = Release|Win32
		{852F81B0-F3EE-48C4-A34D-DE6329D6F446}.MinSizeRel|x86.ActiveCfg = Release|Win32
		{852F81B0-F3EE-48C4-A34D-DE6329D6F446}.Release|Any CPU.ActiveCfg = Release|Win32
		{852F81B0-F3EE-48C4-A34D-DE6329D6F446}.Release|Mixed Platforms.ActiveCfg = Release|Win32
		{852F81B0-F3EE-48C4-A34D-DE6329D6F446}.Release|Mixed Platforms.Build.0 = Release|Win32
		{852F81B0-F3EE-48C4-A34D-DE6329D6F446}.Release|Win32.ActiveCfg = Release|Win32
		{852F81B0-F3EE-48C4-A34D-DE6329D6F446}.Release|Win32.Build.0 = Release|Win32
		{852F81B0-F3EE-48C4-A34D-DE6329D6F446}.Release|x64.ActiveCfg = Release|Win32
		{852F81B0-F3EE-48C4-A34D-DE6329D6F446}.Release|x86.ActiveCfg = Release|Win32
		{852F81B0-F3EE-48C4-A34D-DE6329D6F446}.Release-Static|Any CPU.ActiveCfg = Release|Win32
		{852F81B0-F3EE-48C4-A34D-DE6329D6F446}.Release-Static|Mixed Platforms.ActiveCfg = Release|Win32
		{852F81B0-F3EE-48C4-A34D-DE6329D6F446}.Release-Static|Mixed Platforms.Build.0 = Release|Win32
		{852F81B0-F3EE-48C4-A34D-DE6329D6F446}.Release-Static|Win32.ActiveCfg = Release|Win32
		{852F81B0-F3EE-48C4-A34D-DE6329D6F446}.Release-Static|Win32.Build.0 = Release|Win32
		{852F81B0-F3EE-48C4-A34D-DE6329D6F446}.Release-Static|x64.ActiveCfg = Release|Win32
		{852F81B0-F3EE-48C4-A34D-DE6329D6F446}.Release-Static|x86.ActiveCfg = Release|Win32
		{852F81B0-F3EE-48C4-A34D-DE6329D6F446}.RelWithDebInfo|Any CPU.ActiveCfg = Release|Win32
		{852F81B0-F3EE-48C4-A34D-DE6329D6F446}.RelWithDebInfo|Mixed Platforms.ActiveCfg = Release|Win32
		{852F81B0-F3EE-48C4-A34D-DE6329D6F446}.RelWithDebInfo|Mixed Platforms.Build.0 = Release|Win32
		{852F81B0-F3EE-48C4-A34D-DE6329D6F446}.RelWithDebInfo|Win32.ActiveCfg = Release|Win32
		{852F81B0-F3EE-48C4-A34D-DE6329D6F446}.RelWithDebInfo|Win32.Build.0 = Release|Win32
		{852F81B0-F3EE-48C4-A34D-DE6329D6F446}.RelWithDebInfo|x64.ActiveCfg = Release|Win32
		{852F81B0-F3EE-48C4-A34D-DE6329D6F446}.RelWithDebInfo|x86.ActiveCfg = Release|Win32
		{852F81B0-F3EE-48C4-A34D-DE6329D6F446}.Template|Any CPU.ActiveCfg = Release|Win32
		{852F81B0-F3EE-48C4-A34D-DE6329D6F446}.Template|Mixed Platforms.ActiveCfg = Release|Win32
		{852F81B0-F3EE-48C4-A34D-DE6329D6F446}.Template|Mixed Platforms.Build.0 = Release|Win32
		{852F81B0-F3EE-48C4-A34D-DE6329D6F446}.Template|Win32.ActiveCfg = Release|Win32
		{852F81B0-F3EE-48C4-A34D-DE6329D6F446}.Template|Win32.Build.0 = Release|Win32
		{852F81B0-F3EE-48C4-A34D-DE6329D6F446}.Template|x64.ActiveCfg = Release|Win32
		{852F81B0-F3EE-48C4-A34D-DE6329D6F446}.Template|x86.ActiveCfg = Release|Win32
		{0CA3E7DD-9287-4CBE-91FE-2943B6BA09F2}.Debug|Any CPU.ActiveCfg = Debug|x86
		{0CA3E7DD-9287-4CBE-91FE-2943B6BA09F2}.Debug|Mixed Platforms.ActiveCfg = Debug|x86
		{0CA3E7DD-9287-4CBE-91FE-2943B6BA09F2}.Debug|Mixed Platforms.Build.0 = Debug|x86
		{0CA3E7DD-9287-4CBE-91FE-2943B6BA09F2}.Debug|Win32.ActiveCfg = Debug|x86
		{0CA3E7DD-9287-4CBE-91FE-2943B6BA09F2}.Debug|Win32.Build.0 = Debug|x86
		{0CA3E7DD-9287-4CBE-91FE-2943B6BA09F2}.Debug|x64.ActiveCfg = Debug|x86
		{0CA3E7DD-9287-4CBE-91FE-2943B6BA09F2}.Debug|x86.ActiveCfg = Debug|x86
		{0CA3E7DD-9287-4CBE-91FE-2943B6BA09F2}.Debug|x86.Build.0 = Debug|x86
		{0CA3E7DD-9287-4CBE-91FE-2943B6BA09F2}.MinSizeRel|Any CPU.ActiveCfg = Release|x86
		{0CA3E7DD-9287-4CBE-91FE-2943B6BA09F2}.MinSizeRel|Mixed Platforms.ActiveCfg = Release|x86
		{0CA3E7DD-9287-4CBE-91FE-2943B6BA09F2}.MinSizeRel|Mixed Platforms.Build.0 = Release|x86
		{0CA3E7DD-9287-4CBE-91FE-2943B6BA09F2}.MinSizeRel|Win32.ActiveCfg = Release|x86
		{0CA3E7DD-9287-4CBE-91FE-2943B6BA09F2}.MinSizeRel|x64.ActiveCfg = Release|x86
		{0CA3E7DD-9287-4CBE-91FE-2943B6BA09F2}.MinSizeRel|x86.ActiveCfg = Release|x86
		{0CA3E7DD-9287-4CBE-91FE-2943B6BA09F2}.MinSizeRel|x86.Build.0 = Release|x86
		{0CA3E7DD-9287-4CBE-91FE-2943B6BA09F2}.Release|Any CPU.ActiveCfg = Release|x86
		{0CA3E7DD-9287-4CBE-91FE-2943B6BA09F2}.Release|Mixed Platforms.ActiveCfg = Release|x86
		{0CA3E7DD-9287-4CBE-91FE-2943B6BA09F2}.Release|Mixed Platforms.Build.0 = Release|x86
		{0CA3E7DD-9287-4CBE-91FE-2943B6BA09F2}.Release|Win32.ActiveCfg = Release|x86
		{0CA3E7DD-9287-4CBE-91FE-2943B6BA09F2}.Release|x64.ActiveCfg = Release|x86
		{0CA3E7DD-9287-4CBE-91FE-2943B6BA09F2}.Release|x86.ActiveCfg = Release|x86
		{0CA3E7DD-9287-4CBE-91FE-2943B6BA09F2}.Release|x86.Build.0 = Release|x86
		{0CA3E7DD-9287-4CBE-91FE-2943B6BA09F2}.Release-Static|Any CPU.ActiveCfg = Release|x86
		{0CA3E7DD-9287-4CBE-91FE-2943B6BA09F2}.Release-Static|Mixed Platforms.ActiveCfg = Release|x86
		{0CA3E7DD-9287-4CBE-91FE-2943B6BA09F2}.Release-Static|Mixed Platforms.Build.0 = Release|x86
		{0CA3E7DD-9287-4CBE-91FE-2943B6BA09F2}.Release-Static|Win32.ActiveCfg = Release|x86
		{0CA3E7DD-9287-4CBE-91FE-2943B6BA09F2}.Release-Static|x64.ActiveCfg = Release|x86
		{0CA3E7DD-9287-4CBE-91FE-2943B6BA09F2}.Release-Static|x86.ActiveCfg = Release|x86
		{0CA3E7DD-9287-4CBE-91FE-2943B6BA09F2}.Release-Static|x86.Build.0 = Release|x86
		{0CA3E7DD-9287-4CBE-91FE-2943B6BA09F2}.RelWithDebInfo|Any CPU.ActiveCfg = Release|x86
		{0CA3E7DD-9287-4CBE-91FE-2943B6BA09F2}.RelWithDebInfo|Mixed Platforms.ActiveCfg = Release|x86
		{0CA3E7DD-9287-4CBE-91FE-2943B6BA09F2}.RelWithDebInfo|Mixed Platforms.Build.0 = Release|x86
		{0CA3E7DD-9287-4CBE-91FE-2943B6BA09F2}.RelWithDebInfo|Win32.ActiveCfg = Release|x86
		{0CA3E7DD-9287-4CBE-91FE-2943B6BA09F2}.RelWithDebInfo|x64.ActiveCfg = Release|x86
		{0CA3E7DD-9287-4CBE-91FE-2943B6BA09F2}.RelWithDebInfo|x86.ActiveCfg = Release|x86
		{0CA3E7DD-9287-4CBE-91FE-2943B6BA09F2}.RelWithDebInfo|x86.Build.0 = Release|x86
		{0CA3E7DD-9287-4CBE-91FE-2943B6BA09F2}.Template|Any CPU.ActiveCfg = Release|x86
		{0CA3E7DD-9287-4CBE-91FE-2943B6BA09F2}.Template|Mixed Platforms.ActiveCfg = Release|x86
		{0CA3E7DD-9287-4CBE-91FE-2943B6BA09F2}.Template|Mixed Platforms.Build.0 = Release|x86
		{0CA3E7DD-9287-4CBE-91FE-2943B6BA09F2}.Template|Win32.ActiveCfg = Release|x86
		{0CA3E7DD-9287-4CBE-91FE-2943B6BA09F2}.Template|x64.ActiveCfg = Release|x86
		{0CA3E7DD-9287-4CBE-91FE-2943B6BA09F2}.Template|x86.ActiveCfg = Release|x86
		{0CA3E7DD-9287-4CBE-91FE-2943B6BA09F2}.Template|x86.Build.0 = Release|x86
		{47311B9D-359A-4E76-A9BA-743C541E6FCB}.Debug|Any CPU.ActiveCfg = Debug|Win32
		{47311B9D-359A-4E76-A9BA-743C541E6FCB}.Debug|Mixed Platforms.ActiveCfg = Debug|Win32
		{47311B9D-359A-4E76-A9BA-743C541E6FCB}.Debug|Mixed Platforms.Build.0 = Debug|Win32
		{47311B9D-359A-4E76-A9BA-743C541E6FCB}.Debug|Win32.ActiveCfg = Debug|Win32
		{47311B9D-359A-4E76-A9BA-743C541E6FCB}.Debug|Win32.Build.0 = Debug|Win32
		{47311B9D-359A-4E76-A9BA-743C541E6FCB}.Debug|x64.ActiveCfg = Debug|Win32
		{47311B9D-359A-4E76-A9BA-743C541E6FCB}.Debug|x86.ActiveCfg = Debug|Win32
		{47311B9D-359A-4E76-A9BA-743C541E6FCB}.MinSizeRel|Any CPU.ActiveCfg = Release|Win32
		{47311B9D-359A-4E76-A9BA-743C541E6FCB}.MinSizeRel|Mixed Platforms.ActiveCfg = Release|Win32
		{47311B9D-359A-4E76-A9BA-743C541E6FCB}.MinSizeRel|Mixed Platforms.Build.0 = Release|Win32
		{47311B9D-359A-4E76-A9BA-743C541E6FCB}.MinSizeRel|Win32.ActiveCfg = Release|Win32
		{47311B9D-359A-4E76-A9BA-743C541E6FCB}.MinSizeRel|Win32.Build.0 = Release|Win32
		{47311B9D-359A-4E76-A9BA-743C541E6FCB}.MinSizeRel|x64.ActiveCfg = Release|Win32
		{47311B9D-359A-4E76-A9BA-743C541E6FCB}.MinSizeRel|x86.ActiveCfg = Release|Win32
		{47311B9D-359A-4E76-A9BA-743C541E6FCB}.Release|Any CPU.ActiveCfg = Release|Win32
		{47311B9D-359A-4E76-A9BA-743C541E6FCB}.Release|Mixed Platforms.ActiveCfg = Release|Win32
		{47311B9D-359A-4E76-A9BA-743C541E6FCB}.Release|Mixed Platforms.Build.0 = Release|Win32
		{47311B9D-359A-4E76-A9BA-743C541E6FCB}.Release|Win32.ActiveCfg = Release|Win32
		{47311B9D-359A-4E76-A9BA-743C541E6FCB}.Release|Win32.Build.0 = Release|Win32
		{47311B9D-359A-4E76-A9BA-743C541E6FCB}.Release|x64.ActiveCfg = Release|Win32
		{47311B9D-359A-4E76-A9BA-743C541E6FCB}.Release|x86.ActiveCfg = Release|Win32
		{47311B9D-359A-4E76-A9BA-743C541E6FCB}.Release-Static|Any CPU.ActiveCfg = Release|Win32
		{47311B9D-359A-4E76-A9BA-743C541E6FCB}.Release-Static|Mixed Platforms.ActiveCfg = Release|Win32
		{47311B9D-359A-4E76-A9BA-743C541E6FCB}.Release-Static|Mixed Platforms.Build.0 = Release|Win32
		{47311B9D-359A-4E76-A9BA-743C541E6FCB}.Release-Static|Win32.ActiveCfg = Release|Win32
		{47311B9D-359A-4E76-A9BA-743C541E6FCB}.Release-Static|Win32.Build.0 = Release|Win32
		{47311B9D-359A-4E76-A9BA-743C541E6FCB}.Release-Static|x64.ActiveCfg = Release|Win32
		{47311B9D-359A-4E76-A9BA-743C541E6FCB}.Release-Static|x86.ActiveCfg = Release|Win32
		{47311B9D-359A-4E76-A9BA-743C541E6FCB}.RelWithDebInfo|Any CPU.ActiveCfg = Release|Win32
		{47311B9D-359A-4E76-A9BA-743C541E6FCB}.RelWithDebInfo|Mixed Platforms.ActiveCfg = Release|Win32
		{47311B9D-359A-4E76-A9BA-743C541E6FCB}.RelWithDebInfo|Mixed Platforms.Build.0 = Release|Win32
		{47311B9D-359A-4E76-A9BA-743C541E6FCB}.RelWithDebInfo|Win32.ActiveCfg = Release|Win32
		{47311B9D-359A-4E76-A9BA-743C541E6FCB}.RelWithDebInfo|Win32.Build.0 = Release|Win32
		{47311B9D-359A-4E76-A9BA-743C541E6FCB}.RelWithDebInfo|x64.ActiveCfg = Release|Win32
		{47311B9D-359A-4E76-A9BA-743C541E6FCB}.RelWithDebInfo|x86.ActiveCfg = Release|Win32
		{47311B9D-359A-4E76-A9BA-743C541E6FCB}.Template|Any CPU.ActiveCfg = Release|Win32
		{47311B9D-359A-4E76-A9BA-743C541E6FCB}.Template|Mixed Platforms.ActiveCfg = Release|Win32
		{47311B9D-359A-4E76-A9BA-743C541E6FCB}.Template|Mixed Platforms.Build.0 = Release|Win32
		{47311B9D-359A-4E76-A9BA-743C541E6FCB}.Template|Win32.ActiveCfg = Release|Win32
		{47311B9D-359A-4E76-A9BA-743C541E6FCB}.Template|Win32.Build.0 = Release|Win32
		{47311B9D-359A-4E76-A9BA-743C541E6FCB}.Template|x64.ActiveCfg = Release|Win32
		{47311B9D-359A-4E76-A9BA-743C541E6FCB}.Template|x86.ActiveCfg = Release|Win32
		{3E283F37-A4ED-41B7-A3E6-A2D89D131A30}.Debug|Any CPU.ActiveCfg = Debug|Win32
		{3E283F37-A4ED-41B7-A3E6-A2D89D131A30}.Debug|Mixed Platforms.ActiveCfg = Debug|Win32
		{3E283F37-A4ED-41B7-A3E6-A2D89D131A30}.Debug|Mixed Platforms.Build.0 = Debug|Win32
		{3E283F37-A4ED-41B7-A3E6-A2D89D131A30}.Debug|Win32.ActiveCfg = Debug|Win32
		{3E283F37-A4ED-41B7-A3E6-A2D89D131A30}.Debug|Win32.Build.0 = Debug|Win32
		{3E283F37-A4ED-41B7-A3E6-A2D89D131A30}.Debug|x64.ActiveCfg = Debug|Win32
		{3E283F37-A4ED-41B7-A3E6-A2D89D131A30}.Debug|x86.ActiveCfg = Debug|Win32
		{3E283F37-A4ED-41B7-A3E6-A2D89D131A30}.MinSizeRel|Any CPU.ActiveCfg = Release|Win32
		{3E283F37-A4ED-41B7-A3E6-A2D89D131A30}.MinSizeRel|Mixed Platforms.ActiveCfg = Release|Win32
		{3E283F37-A4ED-41B7-A3E6-A2D89D131A30}.MinSizeRel|Mixed Platforms.Build.0 = Release|Win32
		{3E283F37-A4ED-41B7-A3E6-A2D89D131A30}.MinSizeRel|Win32.ActiveCfg = Release|Win32
		{3E283F37-A4ED-41B7-A3E6-A2D89D131A30}.MinSizeRel|Win32.Build.0 = Release|Win32
		{3E283F37-A4ED-41B7-A3E6-A2D89D131A30}.MinSizeRel|x64.ActiveCfg = Release|Win32
		{3E283F37-A4ED-41B7-A3E6-A2D89D131A30}.MinSizeRel|x86.ActiveCfg = Release|Win32
		{3E283F37-A4ED-41B7-A3E6-A2D89D131A30}.Release|Any CPU.ActiveCfg = Release|Win32
		{3E283F37-A4ED-41B7-A3E6-A2D89D131A30}.Release|Mixed Platforms.ActiveCfg = Release|Win32
		{3E283F37-A4ED-41B7-A3E6-A2D89D131A30}.Release|Mixed Platforms.Build.0 = Release|Win32
		{3E283F37-A4ED-41B7-A3E6-A2D89D131A30}.Release|Win32.ActiveCfg = Release|Win32
		{3E283F37-A4ED-41B7-A3E6-A2D89D131A30}.Release|Win32.Build.0 = Release|Win32
		{3E283F37-A4ED-41B7-A3E6-A2D89D131A30}.Release|x64.ActiveCfg = Release|Win32
		{3E283F37-A4ED-41B7-A3E6-A2D89D131A30}.Release|x86.ActiveCfg = Release|Win32
		{3E283F37-A4ED-41B7-A3E6-A2D89D131A30}.Release-Static|Any CPU.ActiveCfg = Release|Win32
		{3E283F37-A4ED-41B7-A3E6-A2D89D131A30}.Release-Static|Mixed Platforms.ActiveCfg = Release|Win32
		{3E283F37-A4ED-41B7-A3E6-A2D89D131A30}.Release-Static|Mixed Platforms.Build.0 = Release|Win32
		{3E283F37-A4ED-41B7-A3E6-A2D89D131A30}.Release-Static|Win32.ActiveCfg = Release|Win32
		{3E283F37-A4ED-41B7-A3E6-A2D89D131A30}.Release-Static|Win32.Build.0 = Release|Win32
		{3E283F37-A4ED-41B7-A3E6-A2D89D131A30}.Release-Static|x64.ActiveCfg = Release|Win32
		{3E283F37-A4ED-41B7-A3E6-A2D89D131A30}.Release-Static|x86.ActiveCfg = Release|Win32
		{3E283F37-A4ED-41B7-A3E6-A2D89D131A30}.RelWithDebInfo|Any CPU.ActiveCfg = Release|Win32
		{3E283F37-A4ED-41B7-A3E6-A2D89D131A30}.RelWithDebInfo|Mixed Platforms.ActiveCfg = Release|Win32
		{3E283F37-A4ED-41B7-A3E6-A2D89D131A30}.RelWithDebInfo|Mixed Platforms.Build.0 = Release|Win32
		{3E283F37-A4ED-41B7-A3E6-A2D89D131A30}.RelWithDebInfo|Win32.ActiveCfg = Release|Win32
		{3E283F37-A4ED-41B7-A3E6-A2D89D131A30}.RelWithDebInfo|Win32.Build.0 = Release|Win32
		{3E283F37-A4ED-41B7-A3E6-A2D89D131A30}.RelWithDebInfo|x64.ActiveCfg = Release|Win32
		{3E283F37-A4ED-41B7-A3E6-A2D89D131A30}.RelWithDebInfo|x86.ActiveCfg = Release|Win32
		{3E283F37-A4ED-41B7-A3E6-A2D89D131A30}.Template|Any CPU.ActiveCfg = Release|Win32
		{3E283F37-A4ED-41B7-A3E6-A2D89D131A30}.Template|Mixed Platforms.ActiveCfg = Release|Win32
		{3E283F37-A4ED-41B7-A3E6-A2D89D131A30}.Template|Mixed Platforms.Build.0 = Release|Win32
		{3E283F37-A4ED-41B7-A3E6-A2D89D131A30}.Template|Win32.ActiveCfg = Release|Win32
		{3E283F37-A4ED-41B7-A3E6-A2D89D131A30}.Template|Win32.Build.0 = Release|Win32
		{3E283F37-A4ED-41B7-A3E6-A2D89D131A30}.Template|x64.ActiveCfg = Release|Win32
		{3E283F37-A4ED-41B7-A3E6-A2D89D131A30}.Template|x86.ActiveCfg = Release|Win32
		{8DEEAFF3-681A-45E5-83E3-6D4583ADA4AA}.Debug|Any CPU.ActiveCfg = Debug|Win32
		{8DEEAFF3-681A-45E5-83E3-6D4583ADA4AA}.Debug|Mixed Platforms.ActiveCfg = Debug|Win32
		{8DEEAFF3-681A-45E5-83E3-6D4583ADA4AA}.Debug|Mixed Platforms.Build.0 = Debug|Win32
		{8DEEAFF3-681A-45E5-83E3-6D4583ADA4AA}.Debug|Win32.ActiveCfg = Debug|Win32
		{8DEEAFF3-681A-45E5-83E3-6D4583ADA4AA}.Debug|Win32.Build.0 = Debug|Win32
		{8DEEAFF3-681A-45E5-83E3-6D4583ADA4AA}.Debug|x64.ActiveCfg = Debug|Win32
		{8DEEAFF3-681A-45E5-83E3-6D4583ADA4AA}.Debug|x86.ActiveCfg = Debug|Win32
		{8DEEAFF3-681A-45E5-83E3-6D4583ADA4AA}.MinSizeRel|Any CPU.ActiveCfg = Release|Win32
		{8DEEAFF3-681A-45E5-83E3-6D4583ADA4AA}.MinSizeRel|Mixed Platforms.ActiveCfg = Release|Win32
		{8DEEAFF3-681A-45E5-83E3-6D4583ADA4AA}.MinSizeRel|Mixed Platforms.Build.0 = Release|Win32
		{8DEEAFF3-681A-45E5-83E3-6D4583ADA4AA}.MinSizeRel|Win32.ActiveCfg = Release|Win32
		{8DEEAFF3-681A-45E5-83E3-6D4583ADA4AA}.MinSizeRel|Win32.Build.0 = Release|Win32
		{8DEEAFF3-681A-45E5-83E3-6D4583ADA4AA}.MinSizeRel|x64.ActiveCfg = Release|Win32
		{8DEEAFF3-681A-45E5-83E3-6D4583ADA4AA}.MinSizeRel|x86.ActiveCfg = Release|Win32
		{8DEEAFF3-681A-45E5-83E3-6D4583ADA4AA}.Release|Any CPU.ActiveCfg = Release|Win32
		{8DEEAFF3-681A-45E5-83E3-6D4583ADA4AA}.Release|Mixed Platforms.ActiveCfg = Release|Win32
		{8DEEAFF3-681A-45E5-83E3-6D4583ADA4AA}.Release|Mixed Platforms.Build.0 = Release|Win32
		{8DEEAFF3-681A-45E5-83E3-6D4583ADA4AA}.Release|Win32.ActiveCfg = Release|Win32
		{8DEEAFF3-681A-45E5-83E3-6D4583ADA4AA}.Release|Win32.Build.0 = Release|Win32
		{8DEEAFF3-681A-45E5-83E3-6D4583ADA4AA}.Release|x64.ActiveCfg = Release|Win32
		{8DEEAFF3-681A-45E5-83E3-6D4583ADA4AA}.Release|x86.ActiveCfg = Release|Win32
		{8DEEAFF3-681A-45E5-83E3-6D4583ADA4AA}.Release-Static|Any CPU.ActiveCfg = Release|Win32
		{8DEEAFF3-681A-45E5-83E3-6D4583ADA4AA}.Release-Static|Mixed Platforms.ActiveCfg = Release|Win32
		{8DEEAFF3-681A-45E5-83E3-6D4583ADA4AA}.Release-Static|Mixed Platforms.Build.0 = Release|Win32
		{8DEEAFF3-681A-45E5-83E3-6D4583ADA4AA}.Release-Static|Win32.ActiveCfg = Release|Win32
		{8DEEAFF3-681A-45E5-83E3-6D4583ADA4AA}.Release-Static|Win32.Build.0 = Release|Win32
		{8DEEAFF3-681A-45E5-83E3-6D4583ADA4AA}.Release-Static|x64.ActiveCfg = Release|Win32
		{8DEEAFF3-681A-45E5-83E3-6D4583ADA4AA}.Release-Static|x86.ActiveCfg = Release|Win32
		{8DEEAFF3-681A-45E5-83E3-6D4583ADA4AA}.RelWithDebInfo|Any CPU.ActiveCfg = Release|Win32
		{8DEEAFF3-681A-45E5-83E3-6D4583ADA4AA}.RelWithDebInfo|Mixed Platforms.ActiveCfg = Release|Win32
		{8DEEAFF3-681A-45E5-83E3-6D4583ADA4AA}.RelWithDebInfo|Mixed Platforms.Build.0 = Release|Win32
		{8DEEAFF3-681A-45E5-83E3-6D4583ADA4AA}.RelWithDebInfo|Win32.ActiveCfg = Release|Win32
		{8DEEAFF3-681A-45E5-83E3-6D4583ADA4AA}.RelWithDebInfo|Win32.Build.0 = Release|Win32
		{8DEEAFF3-681A-45E5-83E3-6D4583ADA4AA}.RelWithDebInfo|x64.ActiveCfg = Release|Win32
		{8DEEAFF3-681A-45E5-83E3-6D4583ADA4AA}.RelWithDebInfo|x86.ActiveCfg = Release|Win32
		{8DEEAFF3-681A-45E5-83E3-6D4583ADA4AA}.Template|Any CPU.ActiveCfg = Release|Win32
		{8DEEAFF3-681A-45E5-83E3-6D4583ADA4AA}.Template|Mixed Platforms.ActiveCfg = Release|Win32
		{8DEEAFF3-681A-45E5-83E3-6D4583ADA4AA}.Template|Mixed Platforms.Build.0 = Release|Win32
		{8DEEAFF3-681A-45E5-83E3-6D4583ADA4AA}.Template|Win32.ActiveCfg = Release|Win32
		{8DEEAFF3-681A-45E5-83E3-6D4583ADA4AA}.Template|Win32.Build.0 = Release|Win32
		{8DEEAFF3-681A-45E5-83E3-6D4583ADA4AA}.Template|x64.ActiveCfg = Release|Win32
		{8DEEAFF3-681A-45E5-83E3-6D4583ADA4AA}.Template|x86.ActiveCfg = Release|Win32
		{ABB8D661-3F8A-41B3-815F-CECFD4BA7801}.Debug|Any CPU.ActiveCfg = Debug|Win32
		{ABB8D661-3F8A-41B3-815F-CECFD4BA7801}.Debug|Mixed Platforms.ActiveCfg = Debug|Win32
		{ABB8D661-3F8A-41B3-815F-CECFD4BA7801}.Debug|Mixed Platforms.Build.0 = Debug|Win32
		{ABB8D661-3F8A-41B3-815F-CECFD4BA7801}.Debug|Win32.ActiveCfg = Debug|Win32
		{ABB8D661-3F8A-41B3-815F-CECFD4BA7801}.Debug|Win32.Build.0 = Debug|Win32
		{ABB8D661-3F8A-41B3-815F-CECFD4BA7801}.Debug|x64.ActiveCfg = Debug|Win32
		{ABB8D661-3F8A-41B3-815F-CECFD4BA7801}.Debug|x86.ActiveCfg = Debug|Win32
		{ABB8D661-3F8A-41B3-815F-CECFD4BA7801}.MinSizeRel|Any CPU.ActiveCfg = Release|Win32
		{ABB8D661-3F8A-41B3-815F-CECFD4BA7801}.MinSizeRel|Mixed Platforms.ActiveCfg = Release|Win32
		{ABB8D661-3F8A-41B3-815F-CECFD4BA7801}.MinSizeRel|Mixed Platforms.Build.0 = Release|Win32
		{ABB8D661-3F8A-41B3-815F-CECFD4BA7801}.MinSizeRel|Win32.ActiveCfg = Release|Win32
		{ABB8D661-3F8A-41B3-815F-CECFD4BA7801}.MinSizeRel|Win32.Build.0 = Release|Win32
		{ABB8D661-3F8A-41B3-815F-CECFD4BA7801}.MinSizeRel|x64.ActiveCfg = Release|Win32
		{ABB8D661-3F8A-41B3-815F-CECFD4BA7801}.MinSizeRel|x86.ActiveCfg = Release|Win32
		{ABB8D661-3F8A-41B3-815F-CECFD4BA7801}.Release|Any CPU.ActiveCfg = Release|Win32
		{ABB8D661-3F8A-41B3-815F-CECFD4BA7801}.Release|Mixed Platforms.ActiveCfg = Release|Win32
		{ABB8D661-3F8A-41B3-815F-CECFD4BA7801}.Release|Mixed Platforms.Build.0 = Release|Win32
		{ABB8D661-3F8A-41B3-815F-CECFD4BA7801}.Release|Win32.ActiveCfg = Release|Win32
		{ABB8D661-3F8A-41B3-815F-CECFD4BA7801}.Release|Win32.Build.0 = Release|Win32
		{ABB8D661-3F8A-41B3-815F-CECFD4BA7801}.Release|x64.ActiveCfg = Release|Win32
		{ABB8D661-3F8A-41B3-815F-CECFD4BA7801}.Release|x86.ActiveCfg = Release|Win32
		{ABB8D661-3F8A-41B3-815F-CECFD4BA7801}.Release-Static|Any CPU.ActiveCfg = Release|Win32
		{ABB8D661-3F8A-41B3-815F-CECFD4BA7801}.Release-Static|Mixed Platforms.ActiveCfg = Release|Win32
		{ABB8D661-3F8A-41B3-815F-CECFD4BA7801}.Release-Static|Mixed Platforms.Build.0 = Release|Win32
		{ABB8D661-3F8A-41B3-815F-CECFD4BA7801}.Release-Static|Win32.ActiveCfg = Release|Win32
		{ABB8D661-3F8A-41B3-815F-CECFD4BA7801}.Release-Static|Win32.Build.0 = Release|Win32
		{ABB8D661-3F8A-41B3-815F-CECFD4BA7801}.Release-Static|x64.ActiveCfg = Release|Win32
		{ABB8D661-3F8A-41B3-815F-CECFD4BA7801}.Release-Static|x86.ActiveCfg = Release|Win32
		{ABB8D661-3F8A-41B3-815F-CECFD4BA7801}.RelWithDebInfo|Any CPU.ActiveCfg = Release|Win32
		{ABB8D661-3F8A-41B3-815F-CECFD4BA7801}.RelWithDebInfo|Mixed Platforms.ActiveCfg = Release|Win32
		{ABB8D661-3F8A-41B3-815F-CECFD4BA7801}.RelWithDebInfo|Mixed Platforms.Build.0 = Release|Win32
		{ABB8D661-3F8A-41B3-815F-CECFD4BA7801}.RelWithDebInfo|Win32.ActiveCfg = Release|Win32
		{ABB8D661-3F8A-41B3-815F-CECFD4BA7801}.RelWithDebInfo|Win32.Build.0 = Release|Win32
		{ABB8D661-3F8A-41B3-815F-CECFD4BA7801}.RelWithDebInfo|x64.ActiveCfg = Release|Win32
		{ABB8D661-3F8A-41B3-815F-CECFD4BA7801}.RelWithDebInfo|x86.ActiveCfg = Release|Win32
		{ABB8D661-3F8A-41B3-815F-CECFD4BA7801}.Template|Any CPU.ActiveCfg = Release|Win32
		{ABB8D661-3F8A-41B3-815F-CECFD4BA7801}.Template|Mixed Platforms.ActiveCfg = Release|Win32
		{ABB8D661-3F8A-41B3-815F-CECFD4BA7801}.Template|Mixed Platforms.Build.0 = Release|Win32
		{ABB8D661-3F8A-41B3-815F-CECFD4BA7801}.Template|Win32.ActiveCfg = Release|Win32
		{ABB8D661-3F8A-41B3-815F-CECFD4BA7801}.Template|Win32.Build.0 = Release|Win32
		{ABB8D661-3F8A-41B3-815F-CECFD4BA7801}.Template|x64.ActiveCfg = Release|Win32
		{ABB8D661-3F8A-41B3-815F-CECFD4BA7801}.Template|x86.ActiveCfg = Release|Win32
		{320D60BD-0E17-42C4-AC1C-DB87FED200CD}.Debug|Any CPU.ActiveCfg = Debug|Win32
		{320D60BD-0E17-42C4-AC1C-DB87FED200CD}.Debug|Mixed Platforms.ActiveCfg = Debug|Win32
		{320D60BD-0E17-42C4-AC1C-DB87FED200CD}.Debug|Mixed Platforms.Build.0 = Debug|Win32
		{320D60BD-0E17-42C4-AC1C-DB87FED200CD}.Debug|Win32.ActiveCfg = Debug|Win32
		{320D60BD-0E17-42C4-AC1C-DB87FED200CD}.Debug|Win32.Build.0 = Debug|Win32
		{320D60BD-0E17-42C4-AC1C-DB87FED200CD}.Debug|x64.ActiveCfg = Debug|Win32
		{320D60BD-0E17-42C4-AC1C-DB87FED200CD}.Debug|x86.ActiveCfg = Debug|Win32
		{320D60BD-0E17-42C4-AC1C-DB87FED200CD}.MinSizeRel|Any CPU.ActiveCfg = Release|Win32
		{320D60BD-0E17-42C4-AC1C-DB87FED200CD}.MinSizeRel|Mixed Platforms.ActiveCfg = Release|Win32
		{320D60BD-0E17-42C4-AC1C-DB87FED200CD}.MinSizeRel|Mixed Platforms.Build.0 = Release|Win32
		{320D60BD-0E17-42C4-AC1C-DB87FED200CD}.MinSizeRel|Win32.ActiveCfg = Release|Win32
		{320D60BD-0E17-42C4-AC1C-DB87FED200CD}.MinSizeRel|Win32.Build.0 = Release|Win32
		{320D60BD-0E17-42C4-AC1C-DB87FED200CD}.MinSizeRel|x64.ActiveCfg = Release|Win32
		{320D60BD-0E17-42C4-AC1C-DB87FED200CD}.MinSizeRel|x86.ActiveCfg = Release|Win32
		{320D60BD-0E17-42C4-AC1C-DB87FED200CD}.Release|Any CPU.ActiveCfg = Release|Win32
		{320D60BD-0E17-42C4-AC1C-DB87FED200CD}.Release|Mixed Platforms.ActiveCfg = Release|Win32
		{320D60BD-0E17-42C4-AC1C-DB87FED200CD}.Release|Mixed Platforms.Build.0 = Release|Win32
		{320D60BD-0E17-42C4-AC1C-DB87FED200CD}.Release|Win32.ActiveCfg = Release|Win32
		{320D60BD-0E17-42C4-AC1C-DB87FED200CD}.Release|Win32.Build.0 = Release|Win32
		{320D60BD-0E17-42C4-AC1C-DB87FED200CD}.Release|x64.ActiveCfg = Release|Win32
		{320D60BD-0E17-42C4-AC1C-DB87FED200CD}.Release|x86.ActiveCfg = Release|Win32
		{320D60BD-0E17-42C4-AC1C-DB87FED200CD}.Release-Static|Any CPU.ActiveCfg = Release|Win32
		{320D60BD-0E17-42C4-AC1C-DB87FED200CD}.Release-Static|Mixed Platforms.ActiveCfg = Release|Win32
		{320D60BD-0E17-42C4-AC1C-DB87FED200CD}.Release-Static|Mixed Platforms.Build.0 = Release|Win32
		{320D60BD-0E17-42C4-AC1C-DB87FED200CD}.Release-Static|Win32.ActiveCfg = Release|Win32
		{320D60BD-0E17-42C4-AC1C-DB87FED200CD}.Release-Static|Win32.Build.0 = Release|Win32
		{320D60BD-0E17-42C4-AC1C-DB87FED200CD}.Release-Static|x64.ActiveCfg = Release|Win32
		{320D60BD-0E17-42C4-AC1C-DB87FED200CD}.Release-Static|x86.ActiveCfg = Release|Win32
		{320D60BD-0E17-42C4-AC1C-DB87FED200CD}.RelWithDebInfo|Any CPU.ActiveCfg = Release|Win32
		{320D60BD-0E17-42C4-AC1C-DB87FED200CD}.RelWithDebInfo|Mixed Platforms.ActiveCfg = Release|Win32
		{320D60BD-0E17-42C4-AC1C-DB87FED200CD}.RelWithDebInfo|Mixed Platforms.Build.0 = Release|Win32
		{320D60BD-0E17-42C4-AC1C-DB87FED200CD}.RelWithDebInfo|Win32.ActiveCfg = Release|Win32
		{320D60BD-0E17-42C4-AC1C-DB87FED200CD}.RelWithDebInfo|Win32.Build.0 = Release|Win32
		{320D60BD-0E17-42C4-AC1C-DB87FED200CD}.RelWithDebInfo|x64.ActiveCfg = Release|Win32
		{320D60BD-0E17-42C4-AC1C-DB87FED200CD}.RelWithDebInfo|x86.ActiveCfg = Release|Win32
		{320D60BD-0E17-42C4-AC1C-DB87FED200CD}.Template|Any CPU.ActiveCfg = Release|Win32
		{320D60BD-0E17-42C4-AC1C-DB87FED200CD}.Template|Mixed Platforms.ActiveCfg = Release|Win32
		{320D60BD-0E17-42C4-AC1C-DB87FED200CD}.Template|Mixed Platforms.Build.0 = Release|Win32
		{320D60BD-0E17-42C4-AC1C-DB87FED200CD}.Template|Win32.ActiveCfg = Release|Win32
		{320D60BD-0E17-42C4-AC1C-DB87FED200CD}.Template|Win32.Build.0 = Release|Win32
		{320D60BD-0E17-42C4-AC1C-DB87FED200CD}.Template|x64.ActiveCfg = Release|Win32
		{320D60BD-0E17-42C4-AC1C-DB87FED200CD}.Template|x86.ActiveCfg = Release|Win32
		{6A931C04-51BA-4F05-88E0-9336BC4B57DD}.Debug|Any CPU.ActiveCfg = Debug|Win32
		{6A931C04-51BA-4F05-88E0-9336BC4B57DD}.Debug|Mixed Platforms.ActiveCfg = Debug|Win32
		{6A931C04-51BA-4F05-88E0-9336BC4B57DD}.Debug|Mixed Platforms.Build.0 = Debug|Win32
		{6A931C04-51BA-4F05-88E0-9336BC4B57DD}.Debug|Win32.ActiveCfg = Debug|Win32
		{6A931C04-51BA-4F05-88E0-9336BC4B57DD}.Debug|Win32.Build.0 = Debug|Win32
		{6A931C04-51BA-4F05-88E0-9336BC4B57DD}.Debug|x64.ActiveCfg = Debug|Win32
		{6A931C04-51BA-4F05-88E0-9336BC4B57DD}.Debug|x86.ActiveCfg = Debug|Win32
		{6A931C04-51BA-4F05-88E0-9336BC4B57DD}.MinSizeRel|Any CPU.ActiveCfg = Release|Win32
		{6A931C04-51BA-4F05-88E0-9336BC4B57DD}.MinSizeRel|Mixed Platforms.ActiveCfg = Release|Win32
		{6A931C04-51BA-4F05-88E0-9336BC4B57DD}.MinSizeRel|Mixed Platforms.Build.0 = Release|Win32
		{6A931C04-51BA-4F05-88E0-9336BC4B57DD}.MinSizeRel|Win32.ActiveCfg = Release|Win32
		{6A931C04-51BA-4F05-88E0-9336BC4B57DD}.MinSizeRel|Win32.Build.0 = Release|Win32
		{6A931C04-51BA-4F05-88E0-9336BC4B57DD}.MinSizeRel|x64.ActiveCfg = Release|Win32
		{6A931C04-51BA-4F05-88E0-9336BC4B57DD}.MinSizeRel|x86.ActiveCfg = Release|Win32
		{6A931C04-51BA-4F05-88E0-9336BC4B57DD}.Release|Any CPU.ActiveCfg = Release|Win32
		{6A931C04-51BA-4F05-88E0-9336BC4B57DD}.Release|Mixed Platforms.ActiveCfg = Release|Win32
		{6A931C04-51BA-4F05-88E0-9336BC4B57DD}.Release|Mixed Platforms.Build.0 = Release|Win32
		{6A931C04-51BA-4F05-88E0-9336BC4B57DD}.Release|Win32.ActiveCfg = Release|Win32
		{6A931C04-51BA-4F05-88E0-9336BC4B57DD}.Release|Win32.Build.0 = Release|Win32
		{6A931C04-51BA-4F05-88E0-9336BC4B57DD}.Release|x64.ActiveCfg = Release|Win32
		{6A931C04-51BA-4F05-88E0-9336BC4B57DD}.Release|x86.ActiveCfg = Release|Win32
		{6A931C04-51BA-4F05-88E0-9336BC4B57DD}.Release-Static|Any CPU.ActiveCfg = Release|Win32
		{6A931C04-51BA-4F05-88E0-9336BC4B57DD}.Release-Static|Mixed Platforms.ActiveCfg = Release|Win32
		{6A931C04-51BA-4F05-88E0-9336BC4B57DD}.Release-Static|Mixed Platforms.Build.0 = Release|Win32
		{6A931C04-51BA-4F05-88E0-9336BC4B57DD}.Release-Static|Win32.ActiveCfg = Release|Win32
		{6A931C04-51BA-4F05-88E0-9336BC4B57DD}.Release-Static|Win32.Build.0 = Release|Win32
		{6A931C04-51BA-4F05-88E0-9336BC4B57DD}.Release-Static|x64.ActiveCfg = Release|Win32
		{6A931C04-51BA-4F05-88E0-9336BC4B57DD}.Release-Static|x86.ActiveCfg = Release|Win32
		{6A931C04-51BA-4F05-88E0-9336BC4B57DD}.RelWithDebInfo|Any CPU.ActiveCfg = Release|Win32
		{6A931C04-51BA-4F05-88E0-9336BC4B57DD}.RelWithDebInfo|Mixed Platforms.ActiveCfg = Release|Win32
		{6A931C04-51BA-4F05-88E0-9336BC4B57DD}.RelWithDebInfo|Mixed Platforms.Build.0 = Release|Win32
		{6A931C04-51BA-4F05-88E0-9336BC4B57DD}.RelWithDebInfo|Win32.ActiveCfg = Release|Win32
		{6A931C04-51BA-4F05-88E0-9336BC4B57DD}.RelWithDebInfo|Win32.Build.0 = Release|Win32
		{6A931C04-51BA-4F05-88E0-9336BC4B57DD}.RelWithDebInfo|x64.ActiveCfg = Release|Win32
		{6A931C04-51BA-4F05-88E0-9336BC4B57DD}.RelWithDebInfo|x86.ActiveCfg = Release|Win32
		{6A931C04-51BA-4F05-88E0-9336BC4B57DD}.Template|Any CPU.ActiveCfg = Release|Win32
		{6A931C04-51BA-4F05-88E0-9336BC4B57DD}.Template|Mixed Platforms.ActiveCfg = Release|Win32
		{6A931C04-51BA-4F05-88E0-9336BC4B57DD}.Template|Mixed Platforms.Build.0 = Release|Win32
		{6A931C04-51BA-4F05-88E0-9336BC4B57DD}.Template|Win32.ActiveCfg = Release|Win32
		{6A931C04-51BA-4F05-88E0-9336BC4B57DD}.Template|Win32.Build.0 = Release|Win32
		{6A931C04-51BA-4F05-88E0-9336BC4B57DD}.Template|x64.ActiveCfg = Release|Win32
		{6A931C04-51BA-4F05-88E0-9336BC4B57DD}.Template|x86.ActiveCfg = Release|Win32
	EndGlobalSection
	GlobalSection(SolutionProperties) = preSolution
		HideSolutionNode = FALSE
	EndGlobalSection
EndGlobal
